<?xml version="1.0" encoding="utf-8"?>
<Project ToolsVersion="4.0" xmlns="http://schemas.microsoft.com/developer/msbuild/2003">
  <ItemGroup>
    <Filter Include="Shaders">
      <UniqueIdentifier>{6f4943cf-ecf8-4183-a927-7a0305aeaf37}</UniqueIdentifier>
    </Filter>
    <Filter Include="Shaders\shadowmap">
      <UniqueIdentifier>{527d965c-4437-4bf2-9733-9273495c8649}</UniqueIdentifier>
    </Filter>
    <Filter Include="Shaders\shadowvolume">
      <UniqueIdentifier>{d313b9f5-56dd-4257-8c65-d60c19a35cc0}</UniqueIdentifier>
    </Filter>
    <Filter Include="Shaders\fullscreen">
      <UniqueIdentifier>{a4e5db5f-666f-49b8-88c9-a503fa4162dc}</UniqueIdentifier>
    </Filter>
    <Filter Include="Shaders\compute">
      <UniqueIdentifier>{3d6c23d8-7b15-4ec7-85cb-fe2c92541182}</UniqueIdentifier>
    </Filter>
    <Filter Include="Code">
      <UniqueIdentifier>{4FC737F1-C7A5-4376-A066-2A32D752A2FF}</UniqueIdentifier>
      <Extensions>cpp;c;cc;cxx;def;odl;idl;hpj;bat;asm;asmx</Extensions>
    </Filter>
    <Filter Include="DeprecatedCode">
      <UniqueIdentifier>{93995380-89BD-4b04-88EB-625FBE52EBFB}</UniqueIdentifier>
      <Extensions>h;hh;hpp;hxx;hm;inl;inc;ipp;xsd</Extensions>
    </Filter>
    <Filter Include="Code\Math">
      <UniqueIdentifier>{2b3ef8ae-2267-4362-b802-d9ca949d9d43}</UniqueIdentifier>
    </Filter>
    <Filter Include="Code\External">
      <UniqueIdentifier>{e7220f1e-aca3-4245-af88-c7e7d53a90a3}</UniqueIdentifier>
    </Filter>
    <Filter Include="Code\External\IMGUI">
      <UniqueIdentifier>{3b4a88b3-46a4-4af9-a6f1-5ecfe188c022}</UniqueIdentifier>
    </Filter>
    <Filter Include="Code\Generic">
      <UniqueIdentifier>{6d27c2a6-a6fe-4400-9a66-30be23234747}</UniqueIdentifier>
    </Filter>
    <Filter Include="Code\Renderer">
      <UniqueIdentifier>{e4f13002-ebba-409d-b741-2c52b111e788}</UniqueIdentifier>
    </Filter>
    <Filter Include="Shaders\NewShaders">
      <UniqueIdentifier>{eb56a836-03b1-47e4-bba8-7237d70077f0}</UniqueIdentifier>
    </Filter>
    <Filter Include="Code\External\SOIL_STBI">
      <UniqueIdentifier>{d9c7b0ba-79bc-445d-a327-7559c6c051ac}</UniqueIdentifier>
    </Filter>
    <Filter Include="Shaders\HLSL">
      <UniqueIdentifier>{5e8a6067-12d0-489d-8f14-c20eec298fd8}</UniqueIdentifier>
    </Filter>
    <Filter Include="Code\DirectX12">
      <UniqueIdentifier>{c715a7c9-8017-486c-bceb-bc618ed6e7a9}</UniqueIdentifier>
    </Filter>
  </ItemGroup>
  <ItemGroup>
    <ClInclude Include="DeprecatedCode\jPipeline.h">
      <Filter>DeprecatedCode</Filter>
    </ClInclude>
    <ClInclude Include="DeprecatedCode\jPostProcess.h">
      <Filter>DeprecatedCode</Filter>
    </ClInclude>
    <ClInclude Include="DeprecatedCode\jShadowAppProperties.h">
      <Filter>DeprecatedCode</Filter>
    </ClInclude>
    <ClInclude Include="DeprecatedCode\jShadowTypes.h">
      <Filter>DeprecatedCode</Filter>
    </ClInclude>
    <ClInclude Include="DeprecatedCode\jShadowVolume.h">
      <Filter>DeprecatedCode</Filter>
    </ClInclude>
    <ClInclude Include="DeprecatedCode\jShadowVolumeTypes.h">
      <Filter>DeprecatedCode</Filter>
    </ClInclude>
    <ClInclude Include="DeprecatedCode\jVertexAdjacency.h">
      <Filter>DeprecatedCode</Filter>
    </ClInclude>
    <ClInclude Include="Code\jAppSettings.h">
      <Filter>Code</Filter>
    </ClInclude>
    <ClInclude Include="Code\jCamera.h">
      <Filter>Code</Filter>
    </ClInclude>
    <ClInclude Include="Code\jCollision.h">
      <Filter>Code</Filter>
    </ClInclude>
    <ClInclude Include="Code\jEngine.h">
      <Filter>Code</Filter>
    </ClInclude>
    <ClInclude Include="Code\jFile.h">
      <Filter>Code</Filter>
    </ClInclude>
    <ClInclude Include="Code\jGame.h">
      <Filter>Code</Filter>
    </ClInclude>
    <ClInclude Include="Code\jGBuffer.h">
      <Filter>Code</Filter>
    </ClInclude>
    <ClInclude Include="Code\jHairModelLoader.h">
      <Filter>Code</Filter>
    </ClInclude>
    <ClInclude Include="Code\jImageFileLoader.h">
      <Filter>Code</Filter>
    </ClInclude>
    <ClInclude Include="Code\jImageLoader.h">
      <Filter>Code</Filter>
    </ClInclude>
    <ClInclude Include="Code\jInputEvent.h">
      <Filter>Code</Filter>
    </ClInclude>
    <ClInclude Include="Code\jLight.h">
      <Filter>Code</Filter>
    </ClInclude>
    <ClInclude Include="Code\jMaterial.h">
      <Filter>Code</Filter>
    </ClInclude>
    <ClInclude Include="Code\jMeshObject.h">
      <Filter>Code</Filter>
    </ClInclude>
    <ClInclude Include="Code\jModelLoader.h">
      <Filter>Code</Filter>
    </ClInclude>
    <ClInclude Include="Code\jObject.h">
      <Filter>Code</Filter>
    </ClInclude>
    <ClInclude Include="Code\jPerformanceProfile.h">
      <Filter>Code</Filter>
    </ClInclude>
    <ClInclude Include="Code\jPrimitiveUtil.h">
      <Filter>Code</Filter>
    </ClInclude>
    <ClInclude Include="Code\jRenderer.h">
      <Filter>Code</Filter>
    </ClInclude>
    <ClInclude Include="Code\jRendererTemplate.h">
      <Filter>Code</Filter>
    </ClInclude>
    <ClInclude Include="Code\jRenderObject.h">
      <Filter>Code</Filter>
    </ClInclude>
    <ClInclude Include="Code\jRenderTargetPool.h">
      <Filter>Code</Filter>
    </ClInclude>
    <ClInclude Include="Code\jRHI.h">
      <Filter>Code</Filter>
    </ClInclude>
    <ClInclude Include="Code\jRHI_DirectX11.h">
      <Filter>Code</Filter>
    </ClInclude>
    <ClInclude Include="Code\jRHI_OpenGL.h">
      <Filter>Code</Filter>
    </ClInclude>
    <ClInclude Include="Code\jRHI_Vulkan.h">
      <Filter>Code</Filter>
    </ClInclude>
    <ClInclude Include="Code\jRHIType.h">
      <Filter>Code</Filter>
    </ClInclude>
    <ClInclude Include="Code\jSamplerStatePool.h">
      <Filter>Code</Filter>
    </ClInclude>
    <ClInclude Include="Code\jShader.h">
      <Filter>Code</Filter>
    </ClInclude>
    <ClInclude Include="Code\jUtil.h">
      <Filter>Code</Filter>
    </ClInclude>
    <ClInclude Include="Code\TGALoader.h">
      <Filter>Code</Filter>
    </ClInclude>
    <ClInclude Include="Code\Math\MathUtility.h">
      <Filter>Code\Math</Filter>
    </ClInclude>
    <ClInclude Include="Code\Math\Matrix.h">
      <Filter>Code\Math</Filter>
    </ClInclude>
    <ClInclude Include="Code\Math\Plane.h">
      <Filter>Code\Math</Filter>
    </ClInclude>
    <ClInclude Include="Code\Math\Vector.h">
      <Filter>Code\Math</Filter>
    </ClInclude>
    <ClInclude Include="Code\External\IMGUI\imconfig.h">
      <Filter>Code\External\IMGUI</Filter>
    </ClInclude>
    <ClInclude Include="Code\External\IMGUI\imgui.h">
      <Filter>Code\External\IMGUI</Filter>
    </ClInclude>
    <ClInclude Include="Code\External\IMGUI\imgui_impl_glfw.h">
      <Filter>Code\External\IMGUI</Filter>
    </ClInclude>
    <ClInclude Include="Code\External\IMGUI\imgui_impl_opengl3.h">
      <Filter>Code\External\IMGUI</Filter>
    </ClInclude>
    <ClInclude Include="Code\External\IMGUI\imgui_internal.h">
      <Filter>Code\External\IMGUI</Filter>
    </ClInclude>
    <ClInclude Include="Code\External\IMGUI\imstb_rectpack.h">
      <Filter>Code\External\IMGUI</Filter>
    </ClInclude>
    <ClInclude Include="Code\External\IMGUI\imstb_textedit.h">
      <Filter>Code\External\IMGUI</Filter>
    </ClInclude>
    <ClInclude Include="Code\External\IMGUI\imstb_truetype.h">
      <Filter>Code\External\IMGUI</Filter>
    </ClInclude>
    <ClInclude Include="Code\External\lodepng.h">
      <Filter>Code\External</Filter>
    </ClInclude>
    <ClInclude Include="Code\External\stb_image.h">
      <Filter>Code\External</Filter>
    </ClInclude>
    <ClInclude Include="Code\Generic\TemplateUtility.h">
      <Filter>Code\Generic</Filter>
    </ClInclude>
    <ClInclude Include="Code\pch.h">
      <Filter>Code</Filter>
    </ClInclude>
    <ClInclude Include="DeprecatedCode\jForwardRenderer_Deprecated.h">
      <Filter>DeprecatedCode</Filter>
    </ClInclude>
    <ClInclude Include="DeprecatedCode\jDeferredRenderer_Deprecated.h">
      <Filter>DeprecatedCode</Filter>
    </ClInclude>
    <ClInclude Include="Code\Renderer\jForwardRenderer.h">
      <Filter>Code\Renderer</Filter>
    </ClInclude>
    <ClInclude Include="Code\Renderer\jDeferredRenderer.h">
      <Filter>Code\Renderer</Filter>
    </ClInclude>
    <ClInclude Include="Code\Renderer\jRenderContext.h">
      <Filter>Code\Renderer</Filter>
    </ClInclude>
    <ClInclude Include="Code\External\SOIL_STBI\stbi_DDS_aug_c.h">
      <Filter>Code\External\SOIL_STBI</Filter>
    </ClInclude>
    <ClInclude Include="Code\DirectX12\jCommandQueue_DirectX12.h">
      <Filter>Code\DirectX12</Filter>
    </ClInclude>
    <ClInclude Include="Code\DirectX12\jRHI_DirectX12.h">
      <Filter>Code\DirectX12</Filter>
    </ClInclude>
    <ClInclude Include="Shaders\HLSL\RaytracingHlslCompat.h">
      <Filter>Shaders\HLSL</Filter>
    </ClInclude>
  </ItemGroup>
  <ItemGroup>
    <ClCompile Include="DeprecatedCode\jPipeline.cpp">
      <Filter>DeprecatedCode</Filter>
    </ClCompile>
    <ClCompile Include="DeprecatedCode\jPostProcess.cpp">
      <Filter>DeprecatedCode</Filter>
    </ClCompile>
    <ClCompile Include="DeprecatedCode\jShadowAppProperties.cpp">
      <Filter>DeprecatedCode</Filter>
    </ClCompile>
    <ClCompile Include="DeprecatedCode\jShadowVolume.cpp">
      <Filter>DeprecatedCode</Filter>
    </ClCompile>
    <ClCompile Include="DeprecatedCode\jVertexAdjacency.cpp">
      <Filter>DeprecatedCode</Filter>
    </ClCompile>
    <ClCompile Include="Code\jAppSettings.cpp">
      <Filter>Code</Filter>
    </ClCompile>
    <ClCompile Include="Code\jCamera.cpp">
      <Filter>Code</Filter>
    </ClCompile>
    <ClCompile Include="Code\jCollision.cpp">
      <Filter>Code</Filter>
    </ClCompile>
    <ClCompile Include="Code\jEngine.cpp">
      <Filter>Code</Filter>
    </ClCompile>
    <ClCompile Include="Code\jFile.cpp">
      <Filter>Code</Filter>
    </ClCompile>
    <ClCompile Include="Code\jGame.cpp">
      <Filter>Code</Filter>
    </ClCompile>
    <ClCompile Include="Code\jGBuffer.cpp">
      <Filter>Code</Filter>
    </ClCompile>
    <ClCompile Include="Code\jHairModelLoader.cpp">
      <Filter>Code</Filter>
    </ClCompile>
    <ClCompile Include="Code\jImageFileLoader.cpp">
      <Filter>Code</Filter>
    </ClCompile>
    <ClCompile Include="Code\jImageLoader.cpp">
      <Filter>Code</Filter>
    </ClCompile>
    <ClCompile Include="Code\jInputEvent.cpp">
      <Filter>Code</Filter>
    </ClCompile>
    <ClCompile Include="Code\jLight.cpp">
      <Filter>Code</Filter>
    </ClCompile>
    <ClCompile Include="Code\jMaterial.cpp">
      <Filter>Code</Filter>
    </ClCompile>
    <ClCompile Include="Code\jMeshObject.cpp">
      <Filter>Code</Filter>
    </ClCompile>
    <ClCompile Include="Code\jModelLoader.cpp">
      <Filter>Code</Filter>
    </ClCompile>
    <ClCompile Include="Code\jObject.cpp">
      <Filter>Code</Filter>
    </ClCompile>
    <ClCompile Include="Code\jPerformanceProfile.cpp">
      <Filter>Code</Filter>
    </ClCompile>
    <ClCompile Include="Code\jPrimitiveUtil.cpp">
      <Filter>Code</Filter>
    </ClCompile>
    <ClCompile Include="Code\jRenderer.cpp">
      <Filter>Code</Filter>
    </ClCompile>
    <ClCompile Include="Code\jRenderObject.cpp">
      <Filter>Code</Filter>
    </ClCompile>
    <ClCompile Include="Code\jRenderTargetPool.cpp">
      <Filter>Code</Filter>
    </ClCompile>
    <ClCompile Include="Code\jRHI.cpp">
      <Filter>Code</Filter>
    </ClCompile>
    <ClCompile Include="Code\jRHI_DirectX11.cpp">
      <Filter>Code</Filter>
    </ClCompile>
    <ClCompile Include="Code\jRHI_OpenGL.cpp">
      <Filter>Code</Filter>
    </ClCompile>
    <ClCompile Include="Code\jRHI_Vulkan.cpp">
      <Filter>Code</Filter>
    </ClCompile>
    <ClCompile Include="Code\jSamplerStatePool.cpp">
      <Filter>Code</Filter>
    </ClCompile>
    <ClCompile Include="Code\jShader.cpp">
      <Filter>Code</Filter>
    </ClCompile>
    <ClCompile Include="Code\jUtil.cpp">
      <Filter>Code</Filter>
    </ClCompile>
    <ClCompile Include="Code\Main.cpp">
      <Filter>Code</Filter>
    </ClCompile>
    <ClCompile Include="Code\TGALoader.cpp">
      <Filter>Code</Filter>
    </ClCompile>
    <ClCompile Include="Code\Math\Matrix.cpp">
      <Filter>Code\Math</Filter>
    </ClCompile>
    <ClCompile Include="Code\Math\Plane.cpp">
      <Filter>Code\Math</Filter>
    </ClCompile>
    <ClCompile Include="Code\Math\Vector.cpp">
      <Filter>Code\Math</Filter>
    </ClCompile>
    <ClCompile Include="Code\External\IMGUI\imgui.cpp">
      <Filter>Code\External\IMGUI</Filter>
    </ClCompile>
    <ClCompile Include="Code\External\IMGUI\imgui_demo.cpp">
      <Filter>Code\External\IMGUI</Filter>
    </ClCompile>
    <ClCompile Include="Code\External\IMGUI\imgui_draw.cpp">
      <Filter>Code\External\IMGUI</Filter>
    </ClCompile>
    <ClCompile Include="Code\External\IMGUI\imgui_impl_glfw.cpp">
      <Filter>Code\External\IMGUI</Filter>
    </ClCompile>
    <ClCompile Include="Code\External\IMGUI\imgui_impl_opengl3.cpp">
      <Filter>Code\External\IMGUI</Filter>
    </ClCompile>
    <ClCompile Include="Code\External\IMGUI\imgui_widgets.cpp">
      <Filter>Code\External\IMGUI</Filter>
    </ClCompile>
    <ClCompile Include="Code\External\glad.c">
      <Filter>Code\External</Filter>
    </ClCompile>
    <ClCompile Include="Code\External\loadpng.cpp">
      <Filter>Code\External</Filter>
    </ClCompile>
    <ClCompile Include="Code\pch.cpp">
      <Filter>Code</Filter>
    </ClCompile>
    <ClCompile Include="DeprecatedCode\jForwardRenderer_Deprecated.cpp">
      <Filter>DeprecatedCode</Filter>
    </ClCompile>
    <ClCompile Include="DeprecatedCode\jDeferredRenderer_Deprecated.cpp">
      <Filter>DeprecatedCode</Filter>
    </ClCompile>
    <ClCompile Include="Code\Renderer\jForwardRenderer.cpp">
      <Filter>Code\Renderer</Filter>
    </ClCompile>
    <ClCompile Include="Code\Renderer\jDeferredRenderer.cpp">
      <Filter>Code\Renderer</Filter>
    </ClCompile>
    <ClCompile Include="Code\Renderer\jRenderContext.cpp">
      <Filter>Code\Renderer</Filter>
    </ClCompile>
    <ClCompile Include="Code\DirectX12\jCommandQueue_DirectX12.cpp">
      <Filter>Code\DirectX12</Filter>
    </ClCompile>
    <ClCompile Include="Code\DirectX12\jRHI_DirectX12.cpp">
      <Filter>Code\DirectX12</Filter>
    </ClCompile>
  </ItemGroup>
  <ItemGroup>
    <None Include="Shaders\color_only_fs.glsl">
      <Filter>Shaders</Filter>
    </None>
    <None Include="Shaders\color_only_vs.glsl">
      <Filter>Shaders</Filter>
    </None>
    <None Include="Shaders\tex_ui_vs.glsl">
      <Filter>Shaders</Filter>
    </None>
    <None Include="Shaders\tex_ui_fs.glsl">
      <Filter>Shaders</Filter>
    </None>
    <None Include="Shaders\fs_shadowMap.glsl">
      <Filter>Shaders</Filter>
    </None>
    <None Include="Shaders\vs_shadowMap.glsl">
      <Filter>Shaders</Filter>
    </None>
    <None Include="Shaders\common.glsl">
      <Filter>Shaders</Filter>
    </None>
    <None Include="Shaders\shadow.glsl">
      <Filter>Shaders</Filter>
    </None>
    <None Include="Shaders\shadowmap\fs.glsl">
      <Filter>Shaders\shadowmap</Filter>
    </None>
    <None Include="Shaders\shadowmap\vs.glsl">
      <Filter>Shaders\shadowmap</Filter>
    </None>
    <None Include="Shaders\shadowmap\fs_omniDirectionalShadowMap.glsl">
      <Filter>Shaders\shadowmap</Filter>
    </None>
    <None Include="Shaders\shadowmap\vs_omniDirectionalShadowMap.glsl">
      <Filter>Shaders\shadowmap</Filter>
    </None>
    <None Include="Shaders\shadowvolume\fs.glsl">
      <Filter>Shaders\shadowvolume</Filter>
    </None>
    <None Include="Shaders\shadowvolume\vs.glsl">
      <Filter>Shaders\shadowvolume</Filter>
    </None>
    <None Include="Shaders\shadowvolume\fs_ambientonly.glsl">
      <Filter>Shaders\shadowvolume</Filter>
    </None>
    <None Include="Shaders\fullscreen\fs_blur.glsl">
      <Filter>Shaders\fullscreen</Filter>
    </None>
    <None Include="Shaders\fullscreen\fs_omnidirectional_blur.glsl">
      <Filter>Shaders\fullscreen</Filter>
    </None>
    <None Include="Shaders\shadowmap\fs_EVSM.glsl">
      <Filter>Shaders\shadowmap</Filter>
    </None>
    <None Include="Shaders\shadowmap\fs_exponentialShadowMap.glsl">
      <Filter>Shaders\shadowmap</Filter>
    </None>
    <None Include="Shaders\shadowmap\fs_omniDirectionalEVSM.glsl">
      <Filter>Shaders\shadowmap</Filter>
    </None>
    <None Include="Shaders\shadowmap\fs_omniDirectionalExponentialShadowMap.glsl">
      <Filter>Shaders\shadowmap</Filter>
    </None>
    <None Include="Shaders\shadowmap\fs_shadowMap.glsl">
      <Filter>Shaders\shadowmap</Filter>
    </None>
    <None Include="Shaders\shadowmap\fs_varianceShadowMap.glsl">
      <Filter>Shaders\shadowmap</Filter>
    </None>
    <None Include="Shaders\shadowmap\vs_EVSM.glsl">
      <Filter>Shaders\shadowmap</Filter>
    </None>
    <None Include="Shaders\shadowmap\vs_shadowMap.glsl">
      <Filter>Shaders\shadowmap</Filter>
    </None>
    <None Include="Shaders\shadowmap\vs_varianceShadowMap.glsl">
      <Filter>Shaders\shadowmap</Filter>
    </None>
    <None Include="Shaders\fs_boundvolume.glsl">
      <Filter>Shaders</Filter>
    </None>
    <None Include="Shaders\vs_boundvolume.glsl">
      <Filter>Shaders</Filter>
    </None>
    <None Include="Shaders\tex_fs.glsl">
      <Filter>Shaders</Filter>
    </None>
    <None Include="Shaders\tex_vs.glsl">
      <Filter>Shaders</Filter>
    </None>
    <None Include="Shaders\shadowmap\fs_hair.glsl">
      <Filter>Shaders\shadowmap</Filter>
    </None>
    <None Include="Shaders\shadowmap\vs_hair.glsl">
      <Filter>Shaders\shadowmap</Filter>
    </None>
    <None Include="Shaders\compute\compute_example.glsl">
      <Filter>Shaders\compute</Filter>
    </None>
    <None Include="Shaders\shadowmap\fs_deepShadowMap.glsl">
      <Filter>Shaders\shadowmap</Filter>
    </None>
    <None Include="Shaders\compute\compute_sort_linkedlist.glsl">
      <Filter>Shaders\compute</Filter>
    </None>
    <None Include="Shaders\shadowmap\fs_deferred.glsl">
      <Filter>Shaders\shadowmap</Filter>
    </None>
    <None Include="Shaders\shadowmap\vs_deferred.glsl">
      <Filter>Shaders\shadowmap</Filter>
    </None>
    <None Include="Shaders\fullscreen\fs_deepshadow.glsl">
      <Filter>Shaders\fullscreen</Filter>
    </None>
    <None Include="Shaders\compute\compute_link_linkedlist.glsl">
      <Filter>Shaders\compute</Filter>
    </None>
    <None Include="Shaders\fullscreen\fs_expdeepshadow.glsl">
      <Filter>Shaders\fullscreen</Filter>
    </None>
    <None Include="Shaders\shadowmap\fs_expDeepShadowMap.glsl">
      <Filter>Shaders\shadowmap</Filter>
    </None>
    <None Include="Shaders\shadowmap\fs_expDeferred.glsl">
      <Filter>Shaders\shadowmap</Filter>
    </None>
    <None Include="Shaders\fullscreen\fs_deepshadow_aa.glsl">
      <Filter>Shaders\fullscreen</Filter>
    </None>
    <None Include="Shaders\shadowmap\vs_expDeepShadowMap.glsl">
      <Filter>Shaders\shadowmap</Filter>
    </None>
    <None Include="Shaders\shadowmap\gs_omniDirectionalShadowMap.glsl">
      <Filter>Shaders\shadowmap</Filter>
    </None>
    <None Include="Shaders\fs_red.glsl">
      <Filter>Shaders</Filter>
    </None>
    <None Include="Shaders\vs_red.glsl">
      <Filter>Shaders</Filter>
    </None>
    <None Include="Shaders\fs_test.glsl">
      <Filter>Shaders</Filter>
    </None>
    <None Include="Shaders\vs_test.glsl">
      <Filter>Shaders</Filter>
    </None>
    <None Include="Shaders\shadowmap\gs_cascadeShadowMap.glsl">
      <Filter>Shaders\shadowmap</Filter>
    </None>
    <None Include="Shaders\fullscreen\fs_tonemap.glsl">
      <Filter>Shaders\fullscreen</Filter>
    </None>
    <None Include="Shaders\fullscreen\fs_luminanceMap.glsl">
      <Filter>Shaders\fullscreen</Filter>
    </None>
    <None Include="Shaders\fullscreen\fs_adaptiveLuminance.glsl">
      <Filter>Shaders\fullscreen</Filter>
    </None>
    <None Include="Shaders\fullscreen\vs_fullscreen_common.glsl">
      <Filter>Shaders\fullscreen</Filter>
    </None>
    <None Include="Shaders\fullscreen\fs_bloom_threshold.glsl">
      <Filter>Shaders\fullscreen</Filter>
    </None>
    <None Include="Shaders\fullscreen\fs_scale.glsl">
      <Filter>Shaders\fullscreen</Filter>
    </None>
    <None Include="Shaders\fullscreen\fs_blur_gaussian_horizontal.glsl">
      <Filter>Shaders\fullscreen</Filter>
    </None>
    <None Include="Shaders\fullscreen\fs_blur_gaussian_vertical.glsl">
      <Filter>Shaders\fullscreen</Filter>
    </None>
    <None Include="Shaders\shadowvolume\fs_shadowvolume_gpu.glsl">
      <Filter>Shaders\shadowvolume</Filter>
    </None>
    <None Include="Shaders\shadowvolume\gs_shadowvolume_gpu.glsl">
      <Filter>Shaders\shadowvolume</Filter>
    </None>
    <None Include="Shaders\shadowvolume\vs_shadowvolume_gpu.glsl">
      <Filter>Shaders\shadowvolume</Filter>
    </None>
    <None Include="Shaders\shadowvolume\fs_shadowvolume_cpu.glsl">
      <Filter>Shaders\shadowvolume</Filter>
    </None>
    <None Include="Shaders\shadowvolume\vs_shadowvolume_cpu.glsl">
      <Filter>Shaders\shadowvolume</Filter>
    </None>
    <None Include="Shaders\fs_graph.glsl">
      <Filter>Shaders</Filter>
    </None>
    <None Include="Shaders\vs_graph.glsl">
      <Filter>Shaders</Filter>
    </None>
    <None Include="Shaders\empty_fs.glsl">
      <Filter>Shaders</Filter>
    </None>
    <None Include="Shaders\depthonly_vs.glsl">
      <Filter>Shaders</Filter>
    </None>
    <None Include="Shaders\NewShaders\deferred_fs.glsl">
      <Filter>Shaders\NewShaders</Filter>
    </None>
    <None Include="Shaders\NewShaders\deferred_vs.glsl">
      <Filter>Shaders\NewShaders</Filter>
    </None>
    <None Include="Shaders\NewShaders\depthonly_vs.glsl">
      <Filter>Shaders\NewShaders</Filter>
    </None>
    <None Include="Shaders\NewShaders\empty_fs.glsl">
      <Filter>Shaders\NewShaders</Filter>
    </None>
    <None Include="Shaders\NewShaders\deferred_lighting_fs.glsl">
      <Filter>Shaders\NewShaders</Filter>
    </None>
    <None Include="Shaders\NewShaders\deferred_lighting_vs.glsl">
      <Filter>Shaders\NewShaders</Filter>
    </None>
    <None Include="Shaders\NewShaders\SSM_fs.glsl">
      <Filter>Shaders\NewShaders</Filter>
    </None>
    <None Include="Shaders\NewShaders\SSM_vs.glsl">
      <Filter>Shaders\NewShaders</Filter>
    </None>
    <None Include="Shaders\NewShaders\depthonly_alphatest_fs.glsl">
      <Filter>Shaders\NewShaders</Filter>
    </None>
    <None Include="Shaders\NewShaders\depthonly_alphatest_vs.glsl">
      <Filter>Shaders\NewShaders</Filter>
    </None>
    <None Include="Shaders\NewShaders\ssao_fs.glsl">
      <Filter>Shaders\NewShaders</Filter>
    </None>
    <None Include="Shaders\NewShaders\ssao_vs.glsl">
      <Filter>Shaders\NewShaders</Filter>
    </None>
    <None Include="Shaders\NewShaders\ssao_blur_fs.glsl">
      <Filter>Shaders\NewShaders</Filter>
    </None>
    <None Include="Shaders\NewShaders\ssao_blur_vs.glsl">
      <Filter>Shaders\NewShaders</Filter>
    </None>
    <None Include="Shaders\NewShaders\SSR_fs.glsl">
      <Filter>Shaders\NewShaders</Filter>
    </None>
    <None Include="Shaders\NewShaders\SSR_vs.glsl">
      <Filter>Shaders\NewShaders</Filter>
    </None>
    <None Include="Shaders\NewShaders\CreateHiZ_fs.glsl">
      <Filter>Shaders\NewShaders</Filter>
    </None>
    <None Include="Shaders\NewShaders\CreateHiZ_vs.glsl">
      <Filter>Shaders\NewShaders</Filter>
    </None>
    <None Include="Shaders\NewShaders\depthcopy_vs.glsl">
      <Filter>Shaders\NewShaders</Filter>
    </None>
    <None Include="Shaders\NewShaders\depthcopy_fs.glsl">
      <Filter>Shaders\NewShaders</Filter>
    </None>
    <None Include="Shaders\NewShaders\FXAA_fs.glsl">
      <Filter>Shaders\NewShaders</Filter>
    </None>
    <None Include="Shaders\NewShaders\FXAA_vs.glsl">
      <Filter>Shaders\NewShaders</Filter>
    </None>
    <None Include="Shaders\NewShaders\copy_fs.glsl">
      <Filter>Shaders\NewShaders</Filter>
    </None>
    <None Include="Shaders\NewShaders\copy_vs.glsl">
      <Filter>Shaders\NewShaders</Filter>
    </None>
    <None Include="Shaders\NewShaders\PPR_ProjectionPass_cs.glsl">
      <Filter>Shaders\NewShaders</Filter>
    </None>
    <None Include="Shaders\NewShaders\PPR_ReflectionPass_cs.glsl">
      <Filter>Shaders\NewShaders</Filter>
    </None>
    <None Include="Shaders\NewShaders\PPR_ClearIntermediateBuffer_cs.glsl">
      <Filter>Shaders\NewShaders</Filter>
    </None>
    <None Include="Shaders\NewShaders\tonemap_fs.glsl">
      <Filter>Shaders\NewShaders</Filter>
    </None>
    <None Include="Shaders\NewShaders\tonemap_vs.glsl">
      <Filter>Shaders\NewShaders</Filter>
    </None>
    <None Include="Shaders\HLSL\Color.ps">
      <Filter>Shaders\HLSL</Filter>
    </None>
    <None Include="Shaders\HLSL\Color.vs">
      <Filter>Shaders\HLSL</Filter>
    </None>
    <None Include="Shaders\HLSL\shaders.hlsl">
      <Filter>Shaders\HLSL</Filter>
    </None>
    <None Include="Shaders\HLSL\CubePixelShader.hlsl">
      <Filter>Shaders\HLSL</Filter>
    </None>
    <None Include="Shaders\HLSL\CubeVertexShader.hlsl">
      <Filter>Shaders\HLSL</Filter>
    </None>
    <None Include="Shaders\HLSL\CubePixelShader_DynamicIndexing.hlsl">
      <Filter>Shaders\HLSL</Filter>
    </None>
    <None Include="Shaders\HLSL\CubePixelShader_IndirectCommand.hlsl">
      <Filter>Shaders\HLSL</Filter>
    </None>
    <None Include="Shaders\HLSL\IndirectCommandCompute.hlsl">
      <Filter>Shaders\HLSL</Filter>
    </None>
    <None Include="Shaders\HLSL\CubeVertexShader_IndirectCommand.hlsl">
      <Filter>Shaders\HLSL</Filter>
    </None>
    <None Include="Shaders\HLSL\Prediction.hlsl">
      <Filter>Shaders\HLSL</Filter>
    </None>
  </ItemGroup>
  <ItemGroup>
    <FxCompile Include="Shaders\HLSL\Raytracing.hlsl">
      <Filter>Shaders\HLSL</Filter>
    </FxCompile>
  </ItemGroup>
</Project>