<?xml version="1.0" encoding="utf-8"?>
<Project ToolsVersion="4.0" xmlns="http://schemas.microsoft.com/developer/msbuild/2003">
  <ItemGroup>
    <Filter Include="Code">
      <UniqueIdentifier>{4FC737F1-C7A5-4376-A066-2A32D752A2FF}</UniqueIdentifier>
      <Extensions>cpp;c;cc;cxx;def;odl;idl;hpj;bat;asm;asmx</Extensions>
    </Filter>
    <Filter Include="Code\RHI">
      <UniqueIdentifier>{50ebfba9-291a-4c10-8bc4-aece5da26c85}</UniqueIdentifier>
    </Filter>
    <Filter Include="Code\Math">
      <UniqueIdentifier>{2b3ef8ae-2267-4362-b802-d9ca949d9d43}</UniqueIdentifier>
    </Filter>
    <Filter Include="Code\ImGui">
      <UniqueIdentifier>{c08066e9-ebf0-484b-be22-007f35ad5e13}</UniqueIdentifier>
    </Filter>
    <Filter Include="Code\Core">
      <UniqueIdentifier>{624b473a-1da7-4d3c-aab8-9738c80fead3}</UniqueIdentifier>
    </Filter>
    <Filter Include="Code\External">
      <UniqueIdentifier>{73008294-ac15-42a9-9361-9c43b423dcc1}</UniqueIdentifier>
    </Filter>
    <Filter Include="Code\External\cityhash">
      <UniqueIdentifier>{2c2f005e-cfe1-438f-999d-ee3169b02878}</UniqueIdentifier>
    </Filter>
    <Filter Include="Code\External\IMGUI">
      <UniqueIdentifier>{cd851a30-9515-458d-bda7-72967629a5ff}</UniqueIdentifier>
    </Filter>
    <Filter Include="Code\External\EASTL">
      <UniqueIdentifier>{b4a2146e-541a-46df-8ee3-1ad8743a38e5}</UniqueIdentifier>
    </Filter>
    <Filter Include="Code\External\glad">
      <UniqueIdentifier>{b694bddd-e439-48c3-9bbe-540b1df57228}</UniqueIdentifier>
    </Filter>
    <Filter Include="Code\External\glad\include">
      <UniqueIdentifier>{783136f1-6246-452c-9f2c-d1e7eabed4f4}</UniqueIdentifier>
    </Filter>
    <Filter Include="Code\External\glad\include\glad">
      <UniqueIdentifier>{478d2430-e77a-44ae-8621-079b9853f71f}</UniqueIdentifier>
    </Filter>
    <Filter Include="Code\External\glad\KHR">
      <UniqueIdentifier>{89c2a4f8-0a17-4c39-a265-e9850a748ecc}</UniqueIdentifier>
    </Filter>
    <Filter Include="Code\External\stb">
      <UniqueIdentifier>{fc92c5ee-6c24-406f-911f-539a691efa9d}</UniqueIdentifier>
    </Filter>
    <Filter Include="Code\Profiler">
      <UniqueIdentifier>{3e7cc9b2-d250-4567-8baa-9784d72d9517}</UniqueIdentifier>
    </Filter>
    <Filter Include="Code\FilerLoader">
      <UniqueIdentifier>{496ebfef-3961-4410-a302-f68101ed67b2}</UniqueIdentifier>
    </Filter>
    <Filter Include="Code\Shader">
      <UniqueIdentifier>{a1b26352-33f3-46fe-b842-39876c50aeaf}</UniqueIdentifier>
    </Filter>
    <Filter Include="Code\Shader\Spirv">
      <UniqueIdentifier>{a6f1ab3a-6379-4c36-a07f-76db822af54f}</UniqueIdentifier>
    </Filter>
    <Filter Include="Code\Scene">
      <UniqueIdentifier>{8e30f491-a752-4193-b0a3-a42e09204a99}</UniqueIdentifier>
    </Filter>
    <Filter Include="Code\External\loadpng">
      <UniqueIdentifier>{49fc389a-de03-42a9-ac0a-288f06bf99d1}</UniqueIdentifier>
    </Filter>
    <Filter Include="Code\External\TinyXml2">
      <UniqueIdentifier>{bd710aee-e5d7-498d-aa99-3fb183dd5854}</UniqueIdentifier>
    </Filter>
    <Filter Include="Resource">
      <UniqueIdentifier>{51d1818f-4526-4251-9e1c-d465f35a9a00}</UniqueIdentifier>
    </Filter>
    <Filter Include="Resource\Shaders">
      <UniqueIdentifier>{0199f0c8-e079-4cef-9182-ff1c84d635c1}</UniqueIdentifier>
    </Filter>
    <Filter Include="Resource\Shaders\glsl">
      <UniqueIdentifier>{654d6e84-8c94-4eca-9045-6451bc5f2510}</UniqueIdentifier>
    </Filter>
    <Filter Include="Code\RHI\Vulkan">
      <UniqueIdentifier>{639b1f83-be1c-4d89-9ce4-32d2c7c02782}</UniqueIdentifier>
    </Filter>
    <Filter Include="Resource\Shaders\hlsl">
      <UniqueIdentifier>{babba9a0-06f3-4e2e-b7f2-62fd9c95c25b}</UniqueIdentifier>
    </Filter>
    <Filter Include="Code\External\ShaderConductor">
      <UniqueIdentifier>{84f1e91d-2052-4ade-b434-4f4bd3dd2941}</UniqueIdentifier>
    </Filter>
    <Filter Include="Code\Renderer">
      <UniqueIdentifier>{a6ab173f-cb50-4bf7-b61c-80a5213ac7c9}</UniqueIdentifier>
    </Filter>
    <Filter Include="Code\External\robin-hood-hashing">
      <UniqueIdentifier>{2b1caad5-b7d8-4673-a375-267c33335ade}</UniqueIdentifier>
    </Filter>
    <Filter Include="Code\Scene\Light">
      <UniqueIdentifier>{4727e332-b3ad-46d8-978e-3efd50b6a8eb}</UniqueIdentifier>
    </Filter>
    <Filter Include="Code\Material">
      <UniqueIdentifier>{9f49ecf6-e64d-4766-8e48-286bc40f83f5}</UniqueIdentifier>
    </Filter>
    <Filter Include="Code\RHI\DX12">
      <UniqueIdentifier>{bbc6b4a7-6e2b-42a4-aa04-8cfcfd9a78ae}</UniqueIdentifier>
    </Filter>
  </ItemGroup>
  <ItemGroup>
    <ClInclude Include="Math\MathUtility.h">
      <Filter>Code\Math</Filter>
    </ClInclude>
    <ClInclude Include="Math\Matrix.h">
      <Filter>Code\Math</Filter>
    </ClInclude>
    <ClInclude Include="Math\Vector.h">
      <Filter>Code\Math</Filter>
    </ClInclude>
    <ClInclude Include="Math\Plane.h">
      <Filter>Code\Math</Filter>
    </ClInclude>
    <ClInclude Include="External\cityhash\city.h">
      <Filter>Code\External\cityhash</Filter>
    </ClInclude>
    <ClInclude Include="External\cityhash\citycrc.h">
      <Filter>Code\External\cityhash</Filter>
    </ClInclude>
    <ClInclude Include="Core\jName.h">
      <Filter>Code\Core</Filter>
    </ClInclude>
    <ClInclude Include="ImGui\jImGui.h">
      <Filter>Code\ImGui</Filter>
    </ClInclude>
    <ClInclude Include="jEngine.h">
      <Filter>Code</Filter>
    </ClInclude>
    <ClInclude Include="jGame.h">
      <Filter>Code</Filter>
    </ClInclude>
    <ClInclude Include="jPrimitiveUtil.h">
      <Filter>Code</Filter>
    </ClInclude>
    <ClInclude Include="pch.h">
      <Filter>Code</Filter>
    </ClInclude>
    <ClInclude Include="RHI\jRHIType.h">
      <Filter>Code\RHI</Filter>
    </ClInclude>
    <ClInclude Include="External\glad\include\glad\glad.h">
      <Filter>Code\External\glad\include\glad</Filter>
    </ClInclude>
    <ClInclude Include="External\glad\include\KHR\khrplatform.h">
      <Filter>Code\External\glad\KHR</Filter>
    </ClInclude>
    <ClInclude Include="RHI\jRHI.h">
      <Filter>Code\RHI</Filter>
    </ClInclude>
    <ClInclude Include="External\stb\stb_image.h">
      <Filter>Code\External\stb</Filter>
    </ClInclude>
    <ClInclude Include="Profiler\jPerformanceProfile.h">
      <Filter>Code\Profiler</Filter>
    </ClInclude>
    <ClInclude Include="FileLoader\jImageFileLoader.h">
      <Filter>Code\FilerLoader</Filter>
    </ClInclude>
    <ClInclude Include="FileLoader\jFile.h">
      <Filter>Code\FilerLoader</Filter>
    </ClInclude>
    <ClInclude Include="Shader\jShader.h">
      <Filter>Code\Shader</Filter>
    </ClInclude>
    <ClInclude Include="Shader\Spirv\jSpirvHelper.h">
      <Filter>Code\Shader\Spirv</Filter>
    </ClInclude>
    <ClInclude Include="FileLoader\jModelLoader.h">
      <Filter>Code\FilerLoader</Filter>
    </ClInclude>
    <ClInclude Include="Scene\jObject.h">
      <Filter>Code\Scene</Filter>
    </ClInclude>
    <ClInclude Include="Scene\jRenderObject.h">
      <Filter>Code\Scene</Filter>
    </ClInclude>
    <ClInclude Include="Scene\jMeshObject.h">
      <Filter>Code\Scene</Filter>
    </ClInclude>
    <ClInclude Include="Scene\jCamera.h">
      <Filter>Code\Scene</Filter>
    </ClInclude>
    <ClInclude Include="External\loadpng\lodepng.h">
      <Filter>Code\External\loadpng</Filter>
    </ClInclude>
    <ClInclude Include="External\TinyXml2\tinyxml2.h">
      <Filter>Code\External\TinyXml2</Filter>
    </ClInclude>
    <ClInclude Include="RHI\jFrameBufferPool.h">
      <Filter>Code\RHI</Filter>
    </ClInclude>
    <ClInclude Include="RHI\jRenderTargetPool.h">
      <Filter>Code\RHI</Filter>
    </ClInclude>
    <ClInclude Include="RHI\jFenceManager.h">
      <Filter>Code\RHI</Filter>
    </ClInclude>
    <ClInclude Include="RHI\jPipelineStateInfo.h">
      <Filter>Code\RHI</Filter>
    </ClInclude>
    <ClInclude Include="RHI\Vulkan\jVertexBuffer_Vulkan.h">
      <Filter>Code\RHI\Vulkan</Filter>
    </ClInclude>
    <ClInclude Include="RHI\Vulkan\jIndexBuffer_Vulkan.h">
      <Filter>Code\RHI\Vulkan</Filter>
    </ClInclude>
    <ClInclude Include="RHI\jCommandBufferManager.h">
      <Filter>Code\RHI</Filter>
    </ClInclude>
    <ClInclude Include="RHI\Vulkan\jRenderPass_Vulkan.h">
      <Filter>Code\RHI\Vulkan</Filter>
    </ClInclude>
    <ClInclude Include="RHI\Vulkan\jRHIType_Vulkan.h">
      <Filter>Code\RHI\Vulkan</Filter>
    </ClInclude>
    <ClInclude Include="RHI\Vulkan\jShaderBindingLayout_Vulkan.h">
      <Filter>Code\RHI\Vulkan</Filter>
    </ClInclude>
    <ClInclude Include="RHI\Vulkan\jTexture_Vulkan.h">
      <Filter>Code\RHI\Vulkan</Filter>
    </ClInclude>
    <ClInclude Include="RHI\Vulkan\jUniformBufferBlock_Vulkan.h">
      <Filter>Code\RHI\Vulkan</Filter>
    </ClInclude>
    <ClInclude Include="RHI\Vulkan\jQueryPoolTime_Vulkan.h">
      <Filter>Code\RHI\Vulkan</Filter>
    </ClInclude>
    <ClInclude Include="RHI\Vulkan\jVulkanDeviceUtil.h">
      <Filter>Code\RHI\Vulkan</Filter>
    </ClInclude>
    <ClInclude Include="RHI\Vulkan\jBufferUtil_Vulkan.h">
      <Filter>Code\RHI\Vulkan</Filter>
    </ClInclude>
    <ClInclude Include="RHI\Vulkan\jPipelineStateInfo_Vulkan.h">
      <Filter>Code\RHI\Vulkan</Filter>
    </ClInclude>
    <ClInclude Include="RHI\jShaderBindingLayout.h">
      <Filter>Code\RHI</Filter>
    </ClInclude>
    <ClInclude Include="RHI\jRenderPass.h">
      <Filter>Code\RHI</Filter>
    </ClInclude>
    <ClInclude Include="RHI\jRenderTarget.h">
      <Filter>Code\RHI</Filter>
    </ClInclude>
    <ClInclude Include="RHI\jFrameBuffer.h">
      <Filter>Code\RHI</Filter>
    </ClInclude>
    <ClInclude Include="RHI\jTexture.h">
      <Filter>Code\RHI</Filter>
    </ClInclude>
    <ClInclude Include="RHI\jBuffer.h">
      <Filter>Code\RHI</Filter>
    </ClInclude>
    <ClInclude Include="RHI\Vulkan\jShader_Vulkan.h">
      <Filter>Code\RHI\Vulkan</Filter>
    </ClInclude>
    <ClInclude Include="RHI\Vulkan\jBuffer_Vulkan.h">
      <Filter>Code\RHI\Vulkan</Filter>
    </ClInclude>
    <ClInclude Include="RHI\Vulkan\jCommandBufferManager_Vulkan.h">
      <Filter>Code\RHI\Vulkan</Filter>
    </ClInclude>
    <ClInclude Include="RHI\jSwapchain.h">
      <Filter>Code\RHI</Filter>
    </ClInclude>
    <ClInclude Include="RHI\Vulkan\jSwapchain_Vulkan.h">
      <Filter>Code\RHI\Vulkan</Filter>
    </ClInclude>
    <ClInclude Include="External\ShaderConductor\Include\ShaderConductor\ShaderConductor.hpp">
      <Filter>Code\External\ShaderConductor</Filter>
    </ClInclude>
    <ClInclude Include="Renderer\jRenderer.h">
      <Filter>Code\Renderer</Filter>
    </ClInclude>
    <ClInclude Include="Renderer\jSceneRenderTargets.h">
      <Filter>Code\Renderer</Filter>
    </ClInclude>
    <ClInclude Include="Renderer\jDrawCommand.h">
      <Filter>Code\Renderer</Filter>
    </ClInclude>
    <ClInclude Include="RHI\jRenderFrameContext.h">
      <Filter>Code\RHI</Filter>
    </ClInclude>
    <ClInclude Include="RHI\Vulkan\jRingBuffer_Vulkan.h">
      <Filter>Code\RHI\Vulkan</Filter>
    </ClInclude>
    <ClInclude Include="RHI\Vulkan\jDescriptorPool_Vulkan.h">
      <Filter>Code\RHI\Vulkan</Filter>
    </ClInclude>
    <ClInclude Include="RHI\Vulkan\jShaderStorageBufferObject_Vulkan.h">
      <Filter>Code\RHI\Vulkan</Filter>
    </ClInclude>
    <ClInclude Include="Core\jLock.h">
      <Filter>Code\Core</Filter>
    </ClInclude>
    <ClInclude Include="External\IMGUI\imgui.h">
      <Filter>Code\External\IMGUI</Filter>
    </ClInclude>
    <ClInclude Include="External\IMGUI\imgui_impl_dx12.h">
      <Filter>Code\External\IMGUI</Filter>
    </ClInclude>
    <ClInclude Include="External\IMGUI\imgui_impl_glfw.h">
      <Filter>Code\External\IMGUI</Filter>
    </ClInclude>
    <ClInclude Include="External\IMGUI\imgui_impl_opengl3.h">
      <Filter>Code\External\IMGUI</Filter>
    </ClInclude>
    <ClInclude Include="External\IMGUI\imgui_impl_vulkan.h">
      <Filter>Code\External\IMGUI</Filter>
    </ClInclude>
    <ClInclude Include="External\IMGUI\imgui_impl_win32.h">
      <Filter>Code\External\IMGUI</Filter>
    </ClInclude>
    <ClInclude Include="External\IMGUI\imgui_internal.h">
      <Filter>Code\External\IMGUI</Filter>
    </ClInclude>
    <ClInclude Include="External\IMGUI\imstb_rectpack.h">
      <Filter>Code\External\IMGUI</Filter>
    </ClInclude>
    <ClInclude Include="External\IMGUI\imgui_impl_opengl3_loader.h">
      <Filter>Code\External\IMGUI</Filter>
    </ClInclude>
    <ClInclude Include="External\IMGUI\imstb_truetype.h">
      <Filter>Code\External\IMGUI</Filter>
    </ClInclude>
    <ClInclude Include="RHI\Vulkan\jQueryPoolOcclusion_Vulkan.h">
      <Filter>Code\RHI\Vulkan</Filter>
    </ClInclude>
    <ClInclude Include="jOptions.h">
      <Filter>Code</Filter>
    </ClInclude>
    <ClInclude Include="Core\jMemStackAllocator.h">
      <Filter>Code\Core</Filter>
    </ClInclude>
    <ClInclude Include="Core\jResourceContainer.h">
      <Filter>Code\Core</Filter>
    </ClInclude>
    <ClInclude Include="External\robin-hood-hashing\robin_hood.h">
      <Filter>Code\External\robin-hood-hashing</Filter>
    </ClInclude>
    <ClInclude Include="Core\jParallelFor.h">
      <Filter>Code\Core</Filter>
    </ClInclude>
    <ClInclude Include="RHI\jMemoryPool.h">
      <Filter>Code\RHI</Filter>
    </ClInclude>
    <ClInclude Include="RHI\Vulkan\jMemoryPool_Vulkan.h">
      <Filter>Code\RHI\Vulkan</Filter>
    </ClInclude>
    <ClInclude Include="Scene\Light\jLight.h">
      <Filter>Code\Scene\Light</Filter>
    </ClInclude>
    <ClInclude Include="Scene\Light\jDirectionalLight.h">
      <Filter>Code\Scene\Light</Filter>
    </ClInclude>
    <ClInclude Include="Scene\Light\jPointLight.h">
      <Filter>Code\Scene\Light</Filter>
    </ClInclude>
    <ClInclude Include="Scene\Light\jSpotLight.h">
      <Filter>Code\Scene\Light</Filter>
    </ClInclude>
    <ClInclude Include="RHI\Vulkan\jVulkanFeatureSwitch.h">
      <Filter>Code\RHI\Vulkan</Filter>
    </ClInclude>
    <ClInclude Include="Renderer\jDirectionalLightDrawCommandGenerator.h">
      <Filter>Code\Renderer</Filter>
    </ClInclude>
    <ClInclude Include="Renderer\jPointLightDrawCommandGenerator.h">
      <Filter>Code\Renderer</Filter>
    </ClInclude>
    <ClInclude Include="Renderer\jSpotLightDrawCommandGenerator.h">
      <Filter>Code\Renderer</Filter>
    </ClInclude>
    <ClInclude Include="Core\TResourcePool.h">
      <Filter>Code\Core</Filter>
    </ClInclude>
    <ClInclude Include="Material\jMaterial.h">
      <Filter>Code\Material</Filter>
    </ClInclude>
    <ClInclude Include="RHI\DX12\jShaderCompiler_DX12.h">
      <Filter>Code\RHI\DX12</Filter>
    </ClInclude>
    <ClInclude Include="RHI\DX12\jBufferUtil_DX12.h">
      <Filter>Code\RHI\DX12</Filter>
    </ClInclude>
    <ClInclude Include="RHI\DX12\jRHI_DX12.h">
      <Filter>Code\RHI\DX12</Filter>
    </ClInclude>
    <ClInclude Include="RHI\DX12\jBuffer_DX12.h">
      <Filter>Code\RHI\DX12</Filter>
    </ClInclude>
    <ClInclude Include="RHI\DX12\jTexture_DX12.h">
      <Filter>Code\RHI\DX12</Filter>
    </ClInclude>
    <ClInclude Include="RHI\DX12\jRHIType_DX12.h">
      <Filter>Code\RHI\DX12</Filter>
    </ClInclude>
    <ClInclude Include="RHI\DX12\jDescriptorHeap_DX12.h">
      <Filter>Code\RHI\DX12</Filter>
    </ClInclude>
    <ClInclude Include="RHI\DX12\jSwapchain_DX12.h">
      <Filter>Code\RHI\DX12</Filter>
    </ClInclude>
    <ClInclude Include="RHI\Vulkan\jFenceManager_Vulkan.h">
      <Filter>Code\RHI\Vulkan</Filter>
    </ClInclude>
    <ClInclude Include="RHI\DX12\jFenceManager_DX12.h">
      <Filter>Code\RHI\DX12</Filter>
    </ClInclude>
    <ClInclude Include="RHI\DX12\jRingBuffer_DX12.h">
      <Filter>Code\RHI\DX12</Filter>
    </ClInclude>
    <ClInclude Include="RHI\DX12\jUniformBufferBlock_DX12.h">
      <Filter>Code\RHI\DX12</Filter>
    </ClInclude>
    <ClInclude Include="RHI\DX12\jPipelineStateInfo_DX12.h" />
    <ClInclude Include="RHI\DX12\jShaderBindingInstance_DX12.h" />
    <ClInclude Include="RHI\DX12\jShaderBindingLayout_DX12.h" />
    <ClInclude Include="RHI\DX12\jVertexBuffer_DX12.h">
      <Filter>Code\RHI\DX12</Filter>
    </ClInclude>
    <ClInclude Include="RHI\DX12\jIndexBuffer_DX12.h">
      <Filter>Code\RHI\DX12</Filter>
    </ClInclude>
    <ClInclude Include="RHI\DX12\jShader_DX12.h">
      <Filter>Code\RHI\DX12</Filter>
    </ClInclude>
    <ClInclude Include="RHI\DX12\jRenderPass_DX12.h">
      <Filter>Code\RHI\DX12</Filter>
    </ClInclude>
    <ClInclude Include="RHI\DX12\jCommandBufferManager_DX12.h">
      <Filter>Code\RHI\DX12</Filter>
    </ClInclude>
    <ClInclude Include="RHI\Vulkan\jRenderFrameContext_Vulkan.h">
      <Filter>Code\RHI\Vulkan</Filter>
    </ClInclude>
    <ClInclude Include="RHI\DX12\jRenderFrameContext_DX12.h">
      <Filter>Code\RHI\DX12</Filter>
    </ClInclude>
    <ClInclude Include="RHI\DX12\jQueryPoolTime_DX12.h">
      <Filter>Code\RHI\DX12</Filter>
    </ClInclude>
    <ClInclude Include="RHI\Vulkan\jImGui_Vulkan.h">
      <Filter>Code\RHI\Vulkan</Filter>
    </ClInclude>
    <ClInclude Include="RHI\DX12\jImGui_DX12.h">
      <Filter>Code\RHI\DX12</Filter>
    </ClInclude>
    <ClInclude Include="jCommandlineArgument.h">
      <Filter>Code</Filter>
    </ClInclude>
    <ClInclude Include="RHI\Vulkan\jRHI_Vulkan.h">
      <Filter>Code\RHI\Vulkan</Filter>
    </ClInclude>
    <ClInclude Include="RHI\jSemaphoreManager.h">
      <Filter>Code\RHI</Filter>
    </ClInclude>
  </ItemGroup>
  <ItemGroup>
    <ClCompile Include="pch.cpp">
      <Filter>Code</Filter>
    </ClCompile>
    <ClCompile Include="jEngine.cpp">
      <Filter>Code</Filter>
    </ClCompile>
    <ClCompile Include="jGame.cpp">
      <Filter>Code</Filter>
    </ClCompile>
    <ClCompile Include="jPrimitiveUtil.cpp">
      <Filter>Code</Filter>
    </ClCompile>
    <ClCompile Include="Math\Matrix.cpp">
      <Filter>Code\Math</Filter>
    </ClCompile>
    <ClCompile Include="Math\Vector.cpp">
      <Filter>Code\Math</Filter>
    </ClCompile>
    <ClCompile Include="Math\Plane.cpp">
      <Filter>Code\Math</Filter>
    </ClCompile>
    <ClCompile Include="Main.cpp">
      <Filter>Code</Filter>
    </ClCompile>
    <ClCompile Include="External\cityhash\city.cc">
      <Filter>Code\External\cityhash</Filter>
    </ClCompile>
    <ClCompile Include="Core\jName.cpp">
      <Filter>Code\Core</Filter>
    </ClCompile>
    <ClCompile Include="ImGui\jImGui.cpp">
      <Filter>Code\ImGui</Filter>
    </ClCompile>
    <ClCompile Include="External\EASTL\source\allocator_eastl.cpp">
      <Filter>Code\External\EASTL</Filter>
    </ClCompile>
    <ClCompile Include="External\EASTL\source\assert.cpp">
      <Filter>Code\External\EASTL</Filter>
    </ClCompile>
    <ClCompile Include="External\EASTL\source\atomic.cpp">
      <Filter>Code\External\EASTL</Filter>
    </ClCompile>
    <ClCompile Include="External\EASTL\source\fixed_pool.cpp">
      <Filter>Code\External\EASTL</Filter>
    </ClCompile>
    <ClCompile Include="External\EASTL\source\hashtable.cpp">
      <Filter>Code\External\EASTL</Filter>
    </ClCompile>
    <ClCompile Include="External\EASTL\source\intrusive_list.cpp">
      <Filter>Code\External\EASTL</Filter>
    </ClCompile>
    <ClCompile Include="External\EASTL\source\numeric_limits.cpp">
      <Filter>Code\External\EASTL</Filter>
    </ClCompile>
    <ClCompile Include="External\EASTL\source\red_black_tree.cpp">
      <Filter>Code\External\EASTL</Filter>
    </ClCompile>
    <ClCompile Include="External\EASTL\source\string.cpp">
      <Filter>Code\External\EASTL</Filter>
    </ClCompile>
    <ClCompile Include="External\EASTL\source\thread_support.cpp">
      <Filter>Code\External\EASTL</Filter>
    </ClCompile>
    <ClCompile Include="RHI\jRHI.cpp">
      <Filter>Code\RHI</Filter>
    </ClCompile>
    <ClCompile Include="Profiler\jPerformanceProfile.cpp">
      <Filter>Code\Profiler</Filter>
    </ClCompile>
    <ClCompile Include="FileLoader\jImageFileLoader.cpp">
      <Filter>Code\FilerLoader</Filter>
    </ClCompile>
    <ClCompile Include="FileLoader\jFile.cpp">
      <Filter>Code\FilerLoader</Filter>
    </ClCompile>
    <ClCompile Include="Shader\jShader.cpp">
      <Filter>Code\Shader</Filter>
    </ClCompile>
    <ClCompile Include="Shader\Spirv\jSpirvHelper.cpp">
      <Filter>Code\Shader\Spirv</Filter>
    </ClCompile>
    <ClCompile Include="FileLoader\jModelLoader.cpp">
      <Filter>Code\FilerLoader</Filter>
    </ClCompile>
    <ClCompile Include="Scene\jRenderObject.cpp">
      <Filter>Code\Scene</Filter>
    </ClCompile>
    <ClCompile Include="Scene\jMeshObject.cpp">
      <Filter>Code\Scene</Filter>
    </ClCompile>
    <ClCompile Include="Scene\jObject.cpp">
      <Filter>Code\Scene</Filter>
    </ClCompile>
    <ClCompile Include="Scene\jCamera.cpp">
      <Filter>Code\Scene</Filter>
    </ClCompile>
    <ClCompile Include="External\glad\glad.c">
      <Filter>Code\External\glad\include</Filter>
    </ClCompile>
    <ClCompile Include="External\loadpng\loadpng.cpp">
      <Filter>Code\External\loadpng</Filter>
    </ClCompile>
    <ClCompile Include="External\TinyXml2\tinyxml2.cpp">
      <Filter>Code\External\TinyXml2</Filter>
    </ClCompile>
    <ClCompile Include="RHI\jFrameBufferPool.cpp">
      <Filter>Code\RHI</Filter>
    </ClCompile>
    <ClCompile Include="RHI\jRenderTargetPool.cpp">
      <Filter>Code\RHI</Filter>
    </ClCompile>
    <ClCompile Include="RHI\jPipelineStateInfo.cpp">
      <Filter>Code\RHI</Filter>
    </ClCompile>
    <ClCompile Include="RHI\Vulkan\jVertexBuffer_Vulkan.cpp">
      <Filter>Code\RHI\Vulkan</Filter>
    </ClCompile>
    <ClCompile Include="RHI\Vulkan\jIndexBuffer_Vulkan.cpp">
      <Filter>Code\RHI\Vulkan</Filter>
    </ClCompile>
    <ClCompile Include="RHI\Vulkan\jRenderPass_Vulkan.cpp">
      <Filter>Code\RHI\Vulkan</Filter>
    </ClCompile>
    <ClCompile Include="RHI\Vulkan\jShaderBindingLayout_Vulkan.cpp">
      <Filter>Code\RHI\Vulkan</Filter>
    </ClCompile>
    <ClCompile Include="RHI\Vulkan\jTexture_Vulkan.cpp">
      <Filter>Code\RHI\Vulkan</Filter>
    </ClCompile>
    <ClCompile Include="RHI\Vulkan\jQueryPoolTime_Vulkan.cpp">
      <Filter>Code\RHI\Vulkan</Filter>
    </ClCompile>
    <ClCompile Include="RHI\Vulkan\jUniformBufferBlock_Vulkan.cpp">
      <Filter>Code\RHI\Vulkan</Filter>
    </ClCompile>
    <ClCompile Include="RHI\Vulkan\jVulkanDeviceUtil.cpp">
      <Filter>Code\RHI\Vulkan</Filter>
    </ClCompile>
    <ClCompile Include="RHI\Vulkan\jBufferUtil_Vulkan.cpp">
      <Filter>Code\RHI\Vulkan</Filter>
    </ClCompile>
    <ClCompile Include="RHI\Vulkan\jPipelineStateInfo_Vulkan.cpp">
      <Filter>Code\RHI\Vulkan</Filter>
    </ClCompile>
    <ClCompile Include="RHI\Vulkan\jBuffer_Vulkan.cpp">
      <Filter>Code\RHI\Vulkan</Filter>
    </ClCompile>
    <ClCompile Include="RHI\Vulkan\jCommandBufferManager_Vulkan.cpp">
      <Filter>Code\RHI\Vulkan</Filter>
    </ClCompile>
    <ClCompile Include="RHI\Vulkan\jSwapchain_Vulkan.cpp">
      <Filter>Code\RHI\Vulkan</Filter>
    </ClCompile>
    <ClCompile Include="Renderer\jRenderer.cpp">
      <Filter>Code\Renderer</Filter>
    </ClCompile>
    <ClCompile Include="RHI\jRenderTarget.cpp">
      <Filter>Code\RHI</Filter>
    </ClCompile>
    <ClCompile Include="Renderer\jSceneRenderTargets.cpp">
      <Filter>Code\Renderer</Filter>
    </ClCompile>
    <ClCompile Include="Renderer\jDrawCommand.cpp">
      <Filter>Code\Renderer</Filter>
    </ClCompile>
    <ClCompile Include="RHI\jRenderFrameContext.cpp">
      <Filter>Code\RHI</Filter>
    </ClCompile>
    <ClCompile Include="RHI\Vulkan\jShader_Vulkan.cpp">
      <Filter>Code\RHI\Vulkan</Filter>
    </ClCompile>
    <ClCompile Include="RHI\Vulkan\jRingBuffer_Vulkan.cpp">
      <Filter>Code\RHI\Vulkan</Filter>
    </ClCompile>
    <ClCompile Include="RHI\Vulkan\jDescriptorPool_Vulkan.cpp">
      <Filter>Code\RHI\Vulkan</Filter>
    </ClCompile>
    <ClCompile Include="RHI\Vulkan\jShaderStorageBufferObject_Vulkan.cpp">
      <Filter>Code\RHI\Vulkan</Filter>
    </ClCompile>
    <ClCompile Include="External\IMGUI\imgui.cpp">
      <Filter>Code\External\IMGUI</Filter>
    </ClCompile>
    <ClCompile Include="External\IMGUI\imgui_demo.cpp">
      <Filter>Code\External\IMGUI</Filter>
    </ClCompile>
    <ClCompile Include="External\IMGUI\imgui_draw.cpp">
      <Filter>Code\External\IMGUI</Filter>
    </ClCompile>
    <ClCompile Include="External\IMGUI\imgui_impl_dx12.cpp">
      <Filter>Code\External\IMGUI</Filter>
    </ClCompile>
    <ClCompile Include="External\IMGUI\imgui_impl_glfw.cpp">
      <Filter>Code\External\IMGUI</Filter>
    </ClCompile>
    <ClCompile Include="External\IMGUI\imgui_impl_opengl3.cpp">
      <Filter>Code\External\IMGUI</Filter>
    </ClCompile>
    <ClCompile Include="External\IMGUI\imgui_impl_vulkan.cpp">
      <Filter>Code\External\IMGUI</Filter>
    </ClCompile>
    <ClCompile Include="External\IMGUI\imgui_impl_win32.cpp">
      <Filter>Code\External\IMGUI</Filter>
    </ClCompile>
    <ClCompile Include="External\IMGUI\imgui_widgets.cpp">
      <Filter>Code\External\IMGUI</Filter>
    </ClCompile>
    <ClCompile Include="External\IMGUI\imgui_tables.cpp">
      <Filter>Code\External\IMGUI</Filter>
    </ClCompile>
    <ClCompile Include="RHI\Vulkan\jQueryPoolOcclusion_Vulkan.cpp">
      <Filter>Code\RHI\Vulkan</Filter>
    </ClCompile>
    <ClCompile Include="jOptions.cpp">
      <Filter>Code</Filter>
    </ClCompile>
    <ClCompile Include="Core\jMemStackAllocator.cpp">
      <Filter>Code\Core</Filter>
    </ClCompile>
    <ClCompile Include="RHI\jMemoryPool.cpp">
      <Filter>Code\RHI</Filter>
    </ClCompile>
    <ClCompile Include="RHI\Vulkan\jMemoryPool_Vulkan.cpp">
      <Filter>Code\RHI\Vulkan</Filter>
    </ClCompile>
    <ClCompile Include="Scene\Light\jLight.cpp">
      <Filter>Code\Scene\Light</Filter>
    </ClCompile>
    <ClCompile Include="Scene\Light\jDirectionalLight.cpp">
      <Filter>Code\Scene\Light</Filter>
    </ClCompile>
    <ClCompile Include="Scene\Light\jPointLight.cpp">
      <Filter>Code\Scene\Light</Filter>
    </ClCompile>
    <ClCompile Include="Scene\Light\jSpotLight.cpp">
      <Filter>Code\Scene\Light</Filter>
    </ClCompile>
    <ClCompile Include="Renderer\jDirectionalLightDrawCommandGenerator.cpp">
      <Filter>Code\Renderer</Filter>
    </ClCompile>
    <ClCompile Include="Renderer\jSpotLightDrawCommandGenerator.cpp">
      <Filter>Code\Renderer</Filter>
    </ClCompile>
    <ClCompile Include="Renderer\jPointLightDrawCommandGenerator.cpp">
      <Filter>Code\Renderer</Filter>
    </ClCompile>
    <ClCompile Include="Material\jMaterial.cpp">
      <Filter>Code\Material</Filter>
    </ClCompile>
    <ClCompile Include="RHI\DX12\jShaderCompiler_DX12.cpp">
      <Filter>Code\RHI\DX12</Filter>
    </ClCompile>
    <ClCompile Include="RHI\DX12\jBufferUtil_DX12.cpp">
      <Filter>Code\RHI\DX12</Filter>
    </ClCompile>
    <ClCompile Include="RHI\DX12\jRHI_DX12.cpp">
      <Filter>Code\RHI\DX12</Filter>
    </ClCompile>
    <ClCompile Include="RHI\DX12\jBuffer_DX12.cpp">
      <Filter>Code\RHI\DX12</Filter>
    </ClCompile>
    <ClCompile Include="RHI\DX12\jTexture_DX12.cpp">
      <Filter>Code\RHI\DX12</Filter>
    </ClCompile>
    <ClCompile Include="RHI\DX12\jDescriptorHeap_DX12.cpp">
      <Filter>Code\RHI\DX12</Filter>
    </ClCompile>
    <ClCompile Include="RHI\DX12\jSwapchain_DX12.cpp">
      <Filter>Code\RHI\DX12</Filter>
    </ClCompile>
    <ClCompile Include="RHI\Vulkan\jFenceManager_Vulkan.cpp">
      <Filter>Code\RHI\Vulkan</Filter>
    </ClCompile>
    <ClCompile Include="RHI\DX12\jFenceManager_DX12.cpp">
      <Filter>Code\RHI\DX12</Filter>
    </ClCompile>
    <ClCompile Include="RHI\DX12\jRingBuffer_DX12.cpp">
      <Filter>Code\RHI\DX12</Filter>
    </ClCompile>
    <ClCompile Include="RHI\DX12\jUniformBufferBlock_DX12.cpp">
      <Filter>Code\RHI\DX12</Filter>
    </ClCompile>
    <ClCompile Include="RHI\DX12\jPipelineStateInfo_DX12.cpp">
      <Filter>Code</Filter>
    </ClCompile>
    <ClCompile Include="RHI\DX12\jShaderBindingInstance_DX12.cpp">
      <Filter>Code</Filter>
    </ClCompile>
    <ClCompile Include="RHI\DX12\jShaderBindingLayout_DX12.cpp">
      <Filter>Code</Filter>
    </ClCompile>
    <ClCompile Include="RHI\DX12\jVertexBuffer_DX12.cpp">
      <Filter>Code\RHI\DX12</Filter>
    </ClCompile>
    <ClCompile Include="RHI\DX12\jIndexBuffer_DX12.cpp">
      <Filter>Code\RHI\DX12</Filter>
    </ClCompile>
    <ClCompile Include="RHI\DX12\jShader_DX12.cpp">
      <Filter>Code\RHI\DX12</Filter>
    </ClCompile>
    <ClCompile Include="RHI\DX12\jRenderPass_DX12.cpp">
      <Filter>Code\RHI\DX12</Filter>
    </ClCompile>
    <ClCompile Include="RHI\DX12\jCommandBufferManager_DX12.cpp">
      <Filter>Code\RHI\DX12</Filter>
    </ClCompile>
    <ClCompile Include="RHI\Vulkan\jRenderFrameContext_Vulkan.cpp">
      <Filter>Code\RHI\Vulkan</Filter>
    </ClCompile>
    <ClCompile Include="RHI\DX12\jRenderFrameContext_DX12.cpp">
      <Filter>Code\RHI\DX12</Filter>
    </ClCompile>
    <ClCompile Include="RHI\DX12\jQueryPoolTime_DX12.cpp">
      <Filter>Code\RHI\DX12</Filter>
    </ClCompile>
    <ClCompile Include="RHI\Vulkan\jImGui_Vulkan.cpp">
      <Filter>Code\RHI\Vulkan</Filter>
    </ClCompile>
    <ClCompile Include="RHI\DX12\jImGui_DX12.cpp">
      <Filter>Code\RHI\DX12</Filter>
    </ClCompile>
    <ClCompile Include="jCommandlineArgument.cpp">
      <Filter>Code</Filter>
    </ClCompile>
    <ClCompile Include="RHI\Vulkan\jVulkanFeatureSwitch.cpp">
      <Filter>Code\RHI\Vulkan</Filter>
    </ClCompile>
    <ClCompile Include="RHI\Vulkan\jRHI_Vulkan.cpp">
      <Filter>Code\RHI\Vulkan</Filter>
    </ClCompile>
    <ClCompile Include="RHI\jSemaphoreManager.cpp">
      <Filter>Code\RHI</Filter>
    </ClCompile>
  </ItemGroup>
  <ItemGroup>
    <None Include="Resource\Shaders\glsl\shader_vs.glsl">
      <Filter>Resource\Shaders\glsl</Filter>
    </None>
    <None Include="Resource\Shaders\glsl\shadow_fs.glsl">
      <Filter>Resource\Shaders\glsl</Filter>
    </None>
    <None Include="Resource\Shaders\glsl\shadow_vs.glsl">
      <Filter>Resource\Shaders\glsl</Filter>
    </None>
    <None Include="Resource\Shaders\glsl\shader_fs.glsl">
      <Filter>Resource\Shaders\glsl</Filter>
    </None>
    <None Include="Resource\Shaders\hlsl\shader_fs.hlsl">
      <Filter>Resource\Shaders\hlsl</Filter>
    </None>
    <None Include="Resource\Shaders\hlsl\shader_vs.hlsl">
      <Filter>Resource\Shaders\hlsl</Filter>
    </None>
    <None Include="Resource\Shaders\hlsl\shadow_fs.hlsl">
      <Filter>Resource\Shaders\hlsl</Filter>
    </None>
    <None Include="Resource\Shaders\hlsl\shadow_vs.hlsl">
      <Filter>Resource\Shaders\hlsl</Filter>
    </None>
    <None Include="Resource\Shaders\hlsl\emboss_cs.hlsl">
      <Filter>Resource\Shaders\hlsl</Filter>
    </None>
    <None Include="Resource\Shaders\hlsl\shader_instancing_vs.hlsl">
      <Filter>Resource\Shaders\hlsl</Filter>
    </None>
    <None Include="Resource\Shaders\hlsl\shadow_instancing_vs.hlsl">
      <Filter>Resource\Shaders\hlsl</Filter>
    </None>
    <None Include="Resource\Shaders\hlsl\copy_cs.hlsl">
      <Filter>Resource\Shaders\hlsl</Filter>
    </None>
    <None Include="Resource\Shaders\hlsl\omni_shadow_vs.hlsl">
      <Filter>Resource\Shaders\hlsl</Filter>
    </None>
    <None Include="Resource\Shaders\hlsl\omni_shadow_fs.hlsl">
      <Filter>Resource\Shaders\hlsl</Filter>
    </None>
    <None Include="Resource\Shaders\hlsl\omni_shadow_gs.hlsl">
      <Filter>Resource\Shaders\hlsl</Filter>
    </None>
    <None Include="Resource\Shaders\hlsl\spot_shadow_vs.hlsl">
      <Filter>Resource\Shaders\hlsl</Filter>
    </None>
    <None Include="Resource\Shaders\hlsl\spot_shadow_fs.hlsl">
      <Filter>Resource\Shaders\hlsl</Filter>
    </None>
    <None Include="Resource\Shaders\hlsl\gbuffer_fs.hlsl">
      <Filter>Resource\Shaders\hlsl</Filter>
    </None>
    <None Include="Resource\Shaders\hlsl\gbuffer_vs.hlsl">
      <Filter>Resource\Shaders\hlsl</Filter>
    </None>
    <None Include="Resource\Shaders\hlsl\fullscreenquad_vs.hlsl">
      <Filter>Resource\Shaders\hlsl</Filter>
    </None>
    <None Include="Resource\Shaders\hlsl\directionallight_fs.hlsl">
      <Filter>Resource\Shaders\hlsl</Filter>
    </None>
    <None Include="Resource\Shaders\hlsl\pointlight_vs.hlsl">
      <Filter>Resource\Shaders\hlsl</Filter>
    </None>
    <None Include="Resource\Shaders\hlsl\pointlight_fs.hlsl">
      <Filter>Resource\Shaders\hlsl</Filter>
    </None>
    <None Include="Resource\Shaders\hlsl\spotlight_fs.hlsl">
      <Filter>Resource\Shaders\hlsl</Filter>
    </None>
    <None Include="Resource\Shaders\hlsl\spotlight_vs.hlsl">
      <Filter>Resource\Shaders\hlsl</Filter>
    </None>
    <None Include="Resource\Shaders\hlsl\tonemap_cs.hlsl">
      <Filter>Resource\Shaders\hlsl</Filter>
    </None>
    <None Include="Resource\Shaders\hlsl\debug_object_fs.hlsl">
      <Filter>Resource\Shaders\hlsl</Filter>
    </None>
    <None Include="Resource\Shaders\hlsl\debug_object_vs.hlsl">
      <Filter>Resource\Shaders\hlsl</Filter>
    </None>
    <None Include="Resource\Shaders\hlsl\common.hlsl">
      <Filter>Resource\Shaders\hlsl</Filter>
    </None>
    <None Include="Resource\Shaders\hlsl\lightutil.hlsl">
      <Filter>Resource\Shaders\hlsl</Filter>
    </None>
    <None Include="Resource\Shaders\hlsl\copy_ps.hlsl">
      <Filter>Resource\Shaders\hlsl</Filter>
    </None>
    <None Include="Resource\Shaders\hlsl\bloom_up_vs.hlsl">
      <Filter>Resource\Shaders\hlsl</Filter>
    </None>
    <None Include="Resource\Shaders\hlsl\bloom_down_ps.hlsl">
      <Filter>Resource\Shaders\hlsl</Filter>
    </None>
    <None Include="Resource\Shaders\hlsl\bloom_down_vs.hlsl">
      <Filter>Resource\Shaders\hlsl</Filter>
    </None>
    <None Include="Resource\Shaders\hlsl\bloom_up_ps.hlsl">
      <Filter>Resource\Shaders\hlsl</Filter>
    </None>
    <None Include="Resource\Shaders\hlsl\bloom_and_eyeadaptation_setup_ps.hlsl">
      <Filter>Resource\Shaders\hlsl</Filter>
    </None>
    <None Include="Resource\Shaders\hlsl\tonemap_ps.hlsl">
      <Filter>Resource\Shaders\hlsl</Filter>
    </None>
    <None Include="Resource\Shaders\hlsl\eyeadaptation_cs.hlsl">
      <Filter>Resource\Shaders\hlsl</Filter>
    </None>
    <None Include="Resource\Shaders\hlsl\PBR.hlsl">
      <Filter>Resource\Shaders\hlsl</Filter>
    </None>
    <None Include="Resource\Shaders\hlsl\DXSampleHelloTriangle.hlsl">
      <Filter>Resource\Shaders\hlsl</Filter>
    </None>
    <None Include="Resource\Shaders\hlsl\DXSample.hlsl">
      <Filter>Resource\Shaders\hlsl</Filter>
    </None>
    <None Include="Resource\Shaders\hlsl\Sphericalmap.hlsl">
      <Filter>Resource\Shaders\hlsl</Filter>
    </None>
    <None Include="Resource\Shaders\hlsl\genirradiancemap_cs.hlsl">
      <Filter>Resource\Shaders\hlsl</Filter>
    </None>
    <None Include="Resource\Shaders\hlsl\genprefilteredenvmap_cs.hlsl">
      <Filter>Resource\Shaders\hlsl</Filter>
    </None>
  </ItemGroup>
</Project>