
Microsoft Visual Studio Solution File, Format Version 12.00
# Visual Studio Version 17
VisualStudioVersion = 17.0.31912.275
MinimumVisualStudioVersion = 10.0.40219.1
Project("{8BC9CEB8-8B4A-11D0-8D11-00A0C91BC942}") = "jEngine", "jEngine.vcxproj", "{35A5F1CE-9058-4D97-A4D2-E66DCB2BAE54}"
EndProject
Project("{2150E333-8FDC-42A3-9474-1A3956D46DE8}") = "Solution Items", "Solution Items", "{A5B59589-AA04-4E6B-BE0C-AB382AE59CF1}"
	ProjectSection(SolutionItems) = preProject
		.editorconfig = .editorconfig
	EndProjectSection
EndProject
Global
	GlobalSection(SolutionConfigurationPlatforms) = preSolution
		Debug|x64 = Debug|x64
		Debug|x86 = Debug|x86
		Release|x64 = Release|x64
		Release|x86 = Release|x86
	EndGlobalSection
	GlobalSection(ProjectConfigurationPlatforms) = postSolution
		{35A5F1CE-9058-4D97-A4D2-E66DCB2BAE54}.Debug|x64.ActiveCfg = Debug|x64
		{35A5F1CE-9058-4D97-A4D2-E66DCB2BAE54}.Debug|x64.Build.0 = Debug|x64
		{35A5F1CE-9058-4D97-A4D2-E66DCB2BAE54}.Debug|x86.ActiveCfg = Debug|Win32
		{35A5F1CE-9058-4D97-A4D2-E66DCB2BAE54}.Debug|x86.Build.0 = Debug|Win32
		{35A5F1CE-9058-4D97-A4D2-E66DCB2BAE54}.Release|x64.ActiveCfg = Release|x64
		{35A5F1CE-9058-4D97-A4D2-E66DCB2BAE54}.Release|x64.Build.0 = Release|x64
		{35A5F1CE-9058-4D97-A4D2-E66DCB2BAE54}.Release|x86.ActiveCfg = Release|Win32
		{35A5F1CE-9058-4D97-A4D2-E66DCB2BAE54}.Release|x86.Build.0 = Release|Win32
	EndGlobalSection
	GlobalSection(SolutionProperties) = preSolution
		HideSolutionNode = FALSE
	EndGlobalSection
	GlobalSection(ExtensibilityGlobals) = postSolution
		SolutionGuid = {B5466674-E43B-458E-BCC4-37E6346690AA}
	EndGlobalSection
EndGlobal
