<?xml version="1.0" encoding="utf-8"?>
<Project ToolsVersion="4.0" xmlns="http://schemas.microsoft.com/developer/msbuild/2003">
  <ItemGroup>
    <Filter Include="Code">
      <UniqueIdentifier>{4FC737F1-C7A5-4376-A066-2A32D752A2FF}</UniqueIdentifier>
      <Extensions>cpp;c;cc;cxx;def;odl;idl;hpj;bat;asm;asmx</Extensions>
    </Filter>
    <Filter Include="Code\RHI">
      <UniqueIdentifier>{50ebfba9-291a-4c10-8bc4-aece5da26c85}</UniqueIdentifier>
    </Filter>
    <Filter Include="Code\Math">
      <UniqueIdentifier>{2b3ef8ae-2267-4362-b802-d9ca949d9d43}</UniqueIdentifier>
    </Filter>
    <Filter Include="Code\ImGui">
      <UniqueIdentifier>{c08066e9-ebf0-484b-be22-007f35ad5e13}</UniqueIdentifier>
    </Filter>
    <Filter Include="Code\Core">
      <UniqueIdentifier>{624b473a-1da7-4d3c-aab8-9738c80fead3}</UniqueIdentifier>
    </Filter>
    <Filter Include="Code\External">
      <UniqueIdentifier>{73008294-ac15-42a9-9361-9c43b423dcc1}</UniqueIdentifier>
    </Filter>
    <Filter Include="Code\External\cityhash">
      <UniqueIdentifier>{2c2f005e-cfe1-438f-999d-ee3169b02878}</UniqueIdentifier>
    </Filter>
    <Filter Include="Code\External\IMGUI">
      <UniqueIdentifier>{cd851a30-9515-458d-bda7-72967629a5ff}</UniqueIdentifier>
    </Filter>
    <Filter Include="Code\External\EASTL">
      <UniqueIdentifier>{b4a2146e-541a-46df-8ee3-1ad8743a38e5}</UniqueIdentifier>
    </Filter>
    <Filter Include="Code\Shaders">
      <UniqueIdentifier>{6f4943cf-ecf8-4183-a927-7a0305aeaf37}</UniqueIdentifier>
    </Filter>
    <Filter Include="Code\Shaders\shadowmap">
      <UniqueIdentifier>{527d965c-4437-4bf2-9733-9273495c8649}</UniqueIdentifier>
    </Filter>
    <Filter Include="Code\Shaders\shadowvolume">
      <UniqueIdentifier>{d313b9f5-56dd-4257-8c65-d60c19a35cc0}</UniqueIdentifier>
    </Filter>
    <Filter Include="Code\Shaders\fullscreen">
      <UniqueIdentifier>{a4e5db5f-666f-49b8-88c9-a503fa4162dc}</UniqueIdentifier>
    </Filter>
    <Filter Include="Code\Shaders\compute">
      <UniqueIdentifier>{3d6c23d8-7b15-4ec7-85cb-fe2c92541182}</UniqueIdentifier>
    </Filter>
    <Filter Include="Code\Shaders\Vulkan">
      <UniqueIdentifier>{6027e24a-4ae3-4dbf-8db8-f58d427ed687}</UniqueIdentifier>
    </Filter>
  </ItemGroup>
  <ItemGroup>
    <ClInclude Include="Math\MathUtility.h">
      <Filter>Code\Math</Filter>
    </ClInclude>
    <ClInclude Include="Math\Matrix.h">
      <Filter>Code\Math</Filter>
    </ClInclude>
    <ClInclude Include="Math\Vector.h">
      <Filter>Code\Math</Filter>
    </ClInclude>
    <ClInclude Include="jFile.h">
      <Filter>Code</Filter>
    </ClInclude>
    <ClInclude Include="Math\Plane.h">
      <Filter>Code\Math</Filter>
    </ClInclude>
    <ClInclude Include="jGBuffer.h">
      <Filter>Code</Filter>
    </ClInclude>
    <ClInclude Include="jShader.h">
      <Filter>Code</Filter>
    </ClInclude>
    <ClInclude Include="External\cityhash\city.h">
      <Filter>Code\External\cityhash</Filter>
    </ClInclude>
    <ClInclude Include="External\cityhash\citycrc.h">
      <Filter>Code\External\cityhash</Filter>
    </ClInclude>
    <ClInclude Include="Core\jName.h">
      <Filter>Code\Core</Filter>
    </ClInclude>
    <ClInclude Include="External\IMGUI\imgui_impl_vulkan.h">
      <Filter>Code\External\IMGUI</Filter>
    </ClInclude>
    <ClInclude Include="External\IMGUI\imgui.h">
      <Filter>Code\External\IMGUI</Filter>
    </ClInclude>
    <ClInclude Include="External\IMGUI\imgui_impl_glfw.h">
      <Filter>Code\External\IMGUI</Filter>
    </ClInclude>
    <ClInclude Include="External\IMGUI\imgui_impl_opengl3.h">
      <Filter>Code\External\IMGUI</Filter>
    </ClInclude>
    <ClInclude Include="External\IMGUI\imstb_rectpack.h">
      <Filter>Code\External\IMGUI</Filter>
    </ClInclude>
    <ClInclude Include="External\IMGUI\imstb_textedit.h">
      <Filter>Code\External\IMGUI</Filter>
    </ClInclude>
    <ClInclude Include="External\IMGUI\imstb_truetype.h">
      <Filter>Code\External\IMGUI</Filter>
    </ClInclude>
    <ClInclude Include="External\IMGUI\imgui_internal.h">
      <Filter>Code\External\IMGUI</Filter>
    </ClInclude>
    <ClInclude Include="ImGui\jImGui.h">
      <Filter>Code\ImGui</Filter>
    </ClInclude>
    <ClInclude Include="jCamera.h">
      <Filter>Code</Filter>
    </ClInclude>
    <ClInclude Include="jCollision.h">
      <Filter>Code</Filter>
    </ClInclude>
    <ClInclude Include="jEngine.h">
      <Filter>Code</Filter>
    </ClInclude>
    <ClInclude Include="jFrameBufferPool.h">
      <Filter>Code</Filter>
    </ClInclude>
    <ClInclude Include="jGame.h">
      <Filter>Code</Filter>
    </ClInclude>
    <ClInclude Include="jHairModelLoader.h">
      <Filter>Code</Filter>
    </ClInclude>
    <ClInclude Include="jImageFileLoader.h">
      <Filter>Code</Filter>
    </ClInclude>
    <ClInclude Include="jInputEvent.h">
      <Filter>Code</Filter>
    </ClInclude>
    <ClInclude Include="jLight.h">
      <Filter>Code</Filter>
    </ClInclude>
    <ClInclude Include="jMeshObject.h">
      <Filter>Code</Filter>
    </ClInclude>
    <ClInclude Include="jModelLoader.h">
      <Filter>Code</Filter>
    </ClInclude>
    <ClInclude Include="jObject.h">
      <Filter>Code</Filter>
    </ClInclude>
    <ClInclude Include="jPerformanceProfile.h">
      <Filter>Code</Filter>
    </ClInclude>
    <ClInclude Include="jPrimitiveUtil.h">
      <Filter>Code</Filter>
    </ClInclude>
    <ClInclude Include="jRenderObject.h">
      <Filter>Code</Filter>
    </ClInclude>
    <ClInclude Include="jRenderTargetPool.h">
      <Filter>Code</Filter>
    </ClInclude>
    <ClInclude Include="jRHI.h">
      <Filter>Code</Filter>
    </ClInclude>
    <ClInclude Include="jSpirvHelper.h">
      <Filter>Code</Filter>
    </ClInclude>
    <ClInclude Include="jUtil.h">
      <Filter>Code</Filter>
    </ClInclude>
    <ClInclude Include="lodepng.h">
      <Filter>Code</Filter>
    </ClInclude>
    <ClInclude Include="pch.h">
      <Filter>Code</Filter>
    </ClInclude>
    <ClInclude Include="stb_image.h">
      <Filter>Code</Filter>
    </ClInclude>
    <ClInclude Include="TGALoader.h">
      <Filter>Code</Filter>
    </ClInclude>
    <ClInclude Include="RHI\jRHI_DirectX11.h">
      <Filter>Code\RHI</Filter>
    </ClInclude>
    <ClInclude Include="RHI\jRHI_OpenGL.h">
      <Filter>Code\RHI</Filter>
    </ClInclude>
    <ClInclude Include="RHI\jRHI_Vulkan.h">
      <Filter>Code\RHI</Filter>
    </ClInclude>
    <ClInclude Include="RHI\jRHIType.h">
      <Filter>Code\RHI</Filter>
    </ClInclude>
  </ItemGroup>
  <ItemGroup>
    <ClCompile Include="pch.cpp">
      <Filter>Code</Filter>
    </ClCompile>
    <ClCompile Include="glad.c">
      <Filter>Code</Filter>
    </ClCompile>
    <ClCompile Include="jEngine.cpp">
      <Filter>Code</Filter>
    </ClCompile>
    <ClCompile Include="jGame.cpp">
      <Filter>Code</Filter>
    </ClCompile>
    <ClCompile Include="jCamera.cpp">
      <Filter>Code</Filter>
    </ClCompile>
    <ClCompile Include="jLight.cpp">
      <Filter>Code</Filter>
    </ClCompile>
    <ClCompile Include="jObject.cpp">
      <Filter>Code</Filter>
    </ClCompile>
    <ClCompile Include="jPrimitiveUtil.cpp">
      <Filter>Code</Filter>
    </ClCompile>
    <ClCompile Include="jInputEvent.cpp">
      <Filter>Code</Filter>
    </ClCompile>
    <ClCompile Include="jUtil.cpp">
      <Filter>Code</Filter>
    </ClCompile>
    <ClCompile Include="jRHI.cpp">
      <Filter>Code</Filter>
    </ClCompile>
    <ClCompile Include="jCollision.cpp">
      <Filter>Code</Filter>
    </ClCompile>
    <ClCompile Include="jRenderObject.cpp">
      <Filter>Code</Filter>
    </ClCompile>
    <ClCompile Include="jFrameBufferPool.cpp">
      <Filter>Code</Filter>
    </ClCompile>
    <ClCompile Include="Math\Matrix.cpp">
      <Filter>Code\Math</Filter>
    </ClCompile>
    <ClCompile Include="Math\Vector.cpp">
      <Filter>Code\Math</Filter>
    </ClCompile>
    <ClCompile Include="jFile.cpp">
      <Filter>Code</Filter>
    </ClCompile>
    <ClCompile Include="Math\Plane.cpp">
      <Filter>Code\Math</Filter>
    </ClCompile>
    <ClCompile Include="jImageFileLoader.cpp">
      <Filter>Code</Filter>
    </ClCompile>
    <ClCompile Include="TGALoader.cpp">
      <Filter>Code</Filter>
    </ClCompile>
    <ClCompile Include="loadpng.cpp">
      <Filter>Code</Filter>
    </ClCompile>
    <ClCompile Include="Main.cpp">
      <Filter>Code</Filter>
    </ClCompile>
    <ClCompile Include="jHairModelLoader.cpp">
      <Filter>Code</Filter>
    </ClCompile>
    <ClCompile Include="jMeshObject.cpp">
      <Filter>Code</Filter>
    </ClCompile>
    <ClCompile Include="jModelLoader.cpp">
      <Filter>Code</Filter>
    </ClCompile>
    <ClCompile Include="jGBuffer.cpp">
      <Filter>Code</Filter>
    </ClCompile>
    <ClCompile Include="jShader.cpp">
      <Filter>Code</Filter>
    </ClCompile>
    <ClCompile Include="jPerformanceProfile.cpp">
      <Filter>Code</Filter>
    </ClCompile>
    <ClCompile Include="External\cityhash\city.cc">
      <Filter>Code\External\cityhash</Filter>
    </ClCompile>
    <ClCompile Include="Core\jName.cpp">
      <Filter>Code\Core</Filter>
    </ClCompile>
    <ClCompile Include="jSpirvHelper.cpp">
      <Filter>Code</Filter>
    </ClCompile>
    <ClCompile Include="jRenderTargetPool.cpp">
      <Filter>Code</Filter>
    </ClCompile>
    <ClCompile Include="External\IMGUI\imgui_impl_vulkan.cpp">
      <Filter>Code\External\IMGUI</Filter>
    </ClCompile>
    <ClCompile Include="External\IMGUI\imgui.cpp">
      <Filter>Code\External\IMGUI</Filter>
    </ClCompile>
    <ClCompile Include="External\IMGUI\imgui_impl_glfw.cpp">
      <Filter>Code\External\IMGUI</Filter>
    </ClCompile>
    <ClCompile Include="External\IMGUI\imgui_impl_opengl3.cpp">
      <Filter>Code\External\IMGUI</Filter>
    </ClCompile>
    <ClCompile Include="External\IMGUI\imgui_widgets.cpp">
      <Filter>Code\External\IMGUI</Filter>
    </ClCompile>
    <ClCompile Include="External\IMGUI\imgui_draw.cpp">
      <Filter>Code\External\IMGUI</Filter>
    </ClCompile>
    <ClCompile Include="External\IMGUI\imgui_demo.cpp">
      <Filter>Code\External\IMGUI</Filter>
    </ClCompile>
    <ClCompile Include="ImGui\jImGui.cpp">
      <Filter>Code\ImGui</Filter>
    </ClCompile>
    <ClCompile Include="External\EASTL\source\allocator_eastl.cpp">
      <Filter>Code\External\EASTL</Filter>
    </ClCompile>
    <ClCompile Include="External\EASTL\source\assert.cpp">
      <Filter>Code\External\EASTL</Filter>
    </ClCompile>
    <ClCompile Include="External\EASTL\source\atomic.cpp">
      <Filter>Code\External\EASTL</Filter>
    </ClCompile>
    <ClCompile Include="External\EASTL\source\fixed_pool.cpp">
      <Filter>Code\External\EASTL</Filter>
    </ClCompile>
    <ClCompile Include="External\EASTL\source\hashtable.cpp">
      <Filter>Code\External\EASTL</Filter>
    </ClCompile>
    <ClCompile Include="External\EASTL\source\intrusive_list.cpp">
      <Filter>Code\External\EASTL</Filter>
    </ClCompile>
    <ClCompile Include="External\EASTL\source\numeric_limits.cpp">
      <Filter>Code\External\EASTL</Filter>
    </ClCompile>
    <ClCompile Include="External\EASTL\source\red_black_tree.cpp">
      <Filter>Code\External\EASTL</Filter>
    </ClCompile>
    <ClCompile Include="External\EASTL\source\string.cpp">
      <Filter>Code\External\EASTL</Filter>
    </ClCompile>
    <ClCompile Include="External\EASTL\source\thread_support.cpp">
      <Filter>Code\External\EASTL</Filter>
    </ClCompile>
    <ClCompile Include="RHI\jRHI_OpenGL.cpp">
      <Filter>Code\RHI</Filter>
    </ClCompile>
    <ClCompile Include="RHI\jRHI_Vulkan.cpp">
      <Filter>Code\RHI</Filter>
    </ClCompile>
    <ClCompile Include="RHI\jRHI_DirectX11.cpp">
      <Filter>Code\RHI</Filter>
    </ClCompile>
  </ItemGroup>
  <ItemGroup>
    <None Include="Shaders\color_only_fs.glsl">
      <Filter>Code\Shaders</Filter>
    </None>
    <None Include="Shaders\color_only_vs.glsl">
      <Filter>Code\Shaders</Filter>
    </None>
    <None Include="Shaders\tex_ui_vs.glsl">
      <Filter>Code\Shaders</Filter>
    </None>
    <None Include="Shaders\tex_ui_fs.glsl">
      <Filter>Code\Shaders</Filter>
    </None>
    <None Include="Shaders\fs_shadowMap.glsl">
      <Filter>Code\Shaders</Filter>
    </None>
    <None Include="Shaders\vs_shadowMap.glsl">
      <Filter>Code\Shaders</Filter>
    </None>
    <None Include="Shaders\common.glsl">
      <Filter>Code\Shaders</Filter>
    </None>
    <None Include="Shaders\shadow.glsl">
      <Filter>Code\Shaders</Filter>
    </None>
    <None Include="Shaders\shadowmap\fs.glsl">
      <Filter>Code\Shaders\shadowmap</Filter>
    </None>
    <None Include="Shaders\shadowmap\vs.glsl">
      <Filter>Code\Shaders\shadowmap</Filter>
    </None>
    <None Include="Shaders\shadowmap\fs_omniDirectionalShadowMap.glsl">
      <Filter>Code\Shaders\shadowmap</Filter>
    </None>
    <None Include="Shaders\shadowmap\vs_omniDirectionalShadowMap.glsl">
      <Filter>Code\Shaders\shadowmap</Filter>
    </None>
    <None Include="Shaders\shadowvolume\fs.glsl">
      <Filter>Code\Shaders\shadowvolume</Filter>
    </None>
    <None Include="Shaders\shadowvolume\vs.glsl">
      <Filter>Code\Shaders\shadowvolume</Filter>
    </None>
    <None Include="Shaders\shadowvolume\fs_ambientonly.glsl">
      <Filter>Code\Shaders\shadowvolume</Filter>
    </None>
    <None Include="Shaders\fullscreen\fs_blur.glsl">
      <Filter>Code\Shaders\fullscreen</Filter>
    </None>
    <None Include="Shaders\fullscreen\fs_omnidirectional_blur.glsl">
      <Filter>Code\Shaders\fullscreen</Filter>
    </None>
    <None Include="Shaders\shadowmap\fs_EVSM.glsl">
      <Filter>Code\Shaders\shadowmap</Filter>
    </None>
    <None Include="Shaders\shadowmap\fs_exponentialShadowMap.glsl">
      <Filter>Code\Shaders\shadowmap</Filter>
    </None>
    <None Include="Shaders\shadowmap\fs_omniDirectionalEVSM.glsl">
      <Filter>Code\Shaders\shadowmap</Filter>
    </None>
    <None Include="Shaders\shadowmap\fs_omniDirectionalExponentialShadowMap.glsl">
      <Filter>Code\Shaders\shadowmap</Filter>
    </None>
    <None Include="Shaders\shadowmap\fs_shadowMap.glsl">
      <Filter>Code\Shaders\shadowmap</Filter>
    </None>
    <None Include="Shaders\shadowmap\fs_varianceShadowMap.glsl">
      <Filter>Code\Shaders\shadowmap</Filter>
    </None>
    <None Include="Shaders\shadowmap\vs_EVSM.glsl">
      <Filter>Code\Shaders\shadowmap</Filter>
    </None>
    <None Include="Shaders\shadowmap\vs_shadowMap.glsl">
      <Filter>Code\Shaders\shadowmap</Filter>
    </None>
    <None Include="Shaders\shadowmap\vs_varianceShadowMap.glsl">
      <Filter>Code\Shaders\shadowmap</Filter>
    </None>
    <None Include="Shaders\fs_boundvolume.glsl">
      <Filter>Code\Shaders</Filter>
    </None>
    <None Include="Shaders\vs_boundvolume.glsl">
      <Filter>Code\Shaders</Filter>
    </None>
    <None Include="Shaders\tex_fs.glsl">
      <Filter>Code\Shaders</Filter>
    </None>
    <None Include="Shaders\tex_vs.glsl">
      <Filter>Code\Shaders</Filter>
    </None>
    <None Include="Shaders\shadowmap\fs_hair.glsl">
      <Filter>Code\Shaders\shadowmap</Filter>
    </None>
    <None Include="Shaders\shadowmap\vs_hair.glsl">
      <Filter>Code\Shaders\shadowmap</Filter>
    </None>
    <None Include="Shaders\compute\compute_example.glsl">
      <Filter>Code\Shaders\compute</Filter>
    </None>
    <None Include="Shaders\shadowmap\fs_deepShadowMap.glsl">
      <Filter>Code\Shaders\shadowmap</Filter>
    </None>
    <None Include="Shaders\compute\compute_sort_linkedlist.glsl">
      <Filter>Code\Shaders\compute</Filter>
    </None>
    <None Include="Shaders\shadowmap\fs_deferred.glsl">
      <Filter>Code\Shaders\shadowmap</Filter>
    </None>
    <None Include="Shaders\shadowmap\vs_deferred.glsl">
      <Filter>Code\Shaders\shadowmap</Filter>
    </None>
    <None Include="Shaders\fullscreen\fs_deepshadow.glsl">
      <Filter>Code\Shaders\fullscreen</Filter>
    </None>
    <None Include="Shaders\compute\compute_link_linkedlist.glsl">
      <Filter>Code\Shaders\compute</Filter>
    </None>
    <None Include="Shaders\fullscreen\fs_expdeepshadow.glsl">
      <Filter>Code\Shaders\fullscreen</Filter>
    </None>
    <None Include="Shaders\shadowmap\fs_expDeepShadowMap.glsl">
      <Filter>Code\Shaders\shadowmap</Filter>
    </None>
    <None Include="Shaders\shadowmap\fs_expDeferred.glsl">
      <Filter>Code\Shaders\shadowmap</Filter>
    </None>
    <None Include="Shaders\fullscreen\fs_deepshadow_aa.glsl">
      <Filter>Code\Shaders\fullscreen</Filter>
    </None>
    <None Include="Shaders\shadowmap\vs_expDeepShadowMap.glsl">
      <Filter>Code\Shaders\shadowmap</Filter>
    </None>
    <None Include="Shaders\shadowmap\gs_omniDirectionalShadowMap.glsl">
      <Filter>Code\Shaders\shadowmap</Filter>
    </None>
    <None Include="Shaders\fs_red.glsl">
      <Filter>Code\Shaders</Filter>
    </None>
    <None Include="Shaders\vs_red.glsl">
      <Filter>Code\Shaders</Filter>
    </None>
    <None Include="Shaders\fs_test.glsl">
      <Filter>Code\Shaders</Filter>
    </None>
    <None Include="Shaders\vs_test.glsl">
      <Filter>Code\Shaders</Filter>
    </None>
    <None Include="Shaders\shadowmap\gs_cascadeShadowMap.glsl">
      <Filter>Code\Shaders\shadowmap</Filter>
    </None>
    <None Include="Shaders\fullscreen\fs_tonemap.glsl">
      <Filter>Code\Shaders\fullscreen</Filter>
    </None>
    <None Include="Shaders\fullscreen\fs_luminanceMap.glsl">
      <Filter>Code\Shaders\fullscreen</Filter>
    </None>
    <None Include="Shaders\fullscreen\fs_adaptiveLuminance.glsl">
      <Filter>Code\Shaders\fullscreen</Filter>
    </None>
    <None Include="Shaders\fullscreen\vs_fullscreen_common.glsl">
      <Filter>Code\Shaders\fullscreen</Filter>
    </None>
    <None Include="Shaders\fullscreen\fs_bloom_threshold.glsl">
      <Filter>Code\Shaders\fullscreen</Filter>
    </None>
    <None Include="Shaders\fullscreen\fs_scale.glsl">
      <Filter>Code\Shaders\fullscreen</Filter>
    </None>
    <None Include="Shaders\fullscreen\fs_blur_gaussian_horizontal.glsl">
      <Filter>Code\Shaders\fullscreen</Filter>
    </None>
    <None Include="Shaders\fullscreen\fs_blur_gaussian_vertical.glsl">
      <Filter>Code\Shaders\fullscreen</Filter>
    </None>
    <None Include="Shaders\shadowvolume\fs_shadowvolume_gpu.glsl">
      <Filter>Code\Shaders\shadowvolume</Filter>
    </None>
    <None Include="Shaders\shadowvolume\gs_shadowvolume_gpu.glsl">
      <Filter>Code\Shaders\shadowvolume</Filter>
    </None>
    <None Include="Shaders\shadowvolume\vs_shadowvolume_gpu.glsl">
      <Filter>Code\Shaders\shadowvolume</Filter>
    </None>
    <None Include="Shaders\shadowvolume\fs_shadowvolume_cpu.glsl">
      <Filter>Code\Shaders\shadowvolume</Filter>
    </None>
    <None Include="Shaders\shadowvolume\vs_shadowvolume_cpu.glsl">
      <Filter>Code\Shaders\shadowvolume</Filter>
    </None>
    <None Include="Shaders\fs_graph.glsl">
      <Filter>Code\Shaders</Filter>
    </None>
    <None Include="Shaders\vs_graph.glsl">
      <Filter>Code\Shaders</Filter>
    </None>
    <None Include="Shaders\Vulkan\shader_fs.glsl">
      <Filter>Code\Shaders\Vulkan</Filter>
    </None>
    <None Include="Shaders\Vulkan\shader_vs.glsl">
      <Filter>Code\Shaders\Vulkan</Filter>
    </None>
    <None Include="Shaders\Vulkan\shadow_vs.glsl">
      <Filter>Code\Shaders\Vulkan</Filter>
    </None>
    <None Include="Shaders\Vulkan\shadow_fs.glsl">
      <Filter>Code\Shaders\Vulkan</Filter>
    </None>
  </ItemGroup>
</Project>